// !$*UTF8*$!
{
	archiveVersion = 1;
	classes = {
	};
	objectVersion = 46;
	objects = {

/* Begin PBXBuildFile section */
		21017DE31F0C89DB00D94400 /* HexFormatter.swift in Sources */ = {isa = PBXBuildFile; fileRef = 21017DE21F0C89DB00D94400 /* HexFormatter.swift */; };
		211E2B391F0B46D400757881 /* HexColor.swift in Sources */ = {isa = PBXBuildFile; fileRef = 211E2B381F0B46D400757881 /* HexColor.swift */; };
		21616E681F058A220095EFAC /* NSImage+Tint.swift in Sources */ = {isa = PBXBuildFile; fileRef = 21616E671F058A220095EFAC /* NSImage+Tint.swift */; };
		21758ECB1F09E579006FA782 /* CloseButton.swift in Sources */ = {isa = PBXBuildFile; fileRef = 21758ECA1F09E579006FA782 /* CloseButton.swift */; };
		21758ECD1F09EE13006FA782 /* DetachedWindow.swift in Sources */ = {isa = PBXBuildFile; fileRef = 21758ECC1F09EE13006FA782 /* DetachedWindow.swift */; };
		218487431F05473F009EE112 /* AppDelegate.swift in Sources */ = {isa = PBXBuildFile; fileRef = 218487331F05473F009EE112 /* AppDelegate.swift */; };
		218487441F05473F009EE112 /* EyeDropper.swift in Sources */ = {isa = PBXBuildFile; fileRef = 218487341F05473F009EE112 /* EyeDropper.swift */; };
		218487451F05473F009EE112 /* EyeDropperWindow.swift in Sources */ = {isa = PBXBuildFile; fileRef = 218487351F05473F009EE112 /* EyeDropperWindow.swift */; };
		218487461F05473F009EE112 /* GridView.swift in Sources */ = {isa = PBXBuildFile; fileRef = 218487361F05473F009EE112 /* GridView.swift */; };
		218487471F05473F009EE112 /* MenuBarController.swift in Sources */ = {isa = PBXBuildFile; fileRef = 218487371F05473F009EE112 /* MenuBarController.swift */; };
		2184874B1F05473F009EE112 /* ColorsViewController.swift in Sources */ = {isa = PBXBuildFile; fileRef = 2184873B1F05473F009EE112 /* ColorsViewController.swift */; };
		2184874C1F05473F009EE112 /* Assets.xcassets in Resources */ = {isa = PBXBuildFile; fileRef = 2184873D1F05473F009EE112 /* Assets.xcassets */; };
		2184874D1F05473F009EE112 /* Main.storyboard in Resources */ = {isa = PBXBuildFile; fileRef = 2184873E1F05473F009EE112 /* Main.storyboard */; };
		218487931F055B21009EE112 /* ColorInput.swift in Sources */ = {isa = PBXBuildFile; fileRef = 218487921F055B21009EE112 /* ColorInput.swift */; };
		218487951F055B42009EE112 /* TextField.swift in Sources */ = {isa = PBXBuildFile; fileRef = 218487941F055B42009EE112 /* TextField.swift */; };
		218487971F055B81009EE112 /* Button.swift in Sources */ = {isa = PBXBuildFile; fileRef = 218487961F055B81009EE112 /* Button.swift */; };
		218487991F055D10009EE112 /* Theme.swift in Sources */ = {isa = PBXBuildFile; fileRef = 218487981F055D10009EE112 /* Theme.swift */; };
		2184879B1F055D49009EE112 /* Label.swift in Sources */ = {isa = PBXBuildFile; fileRef = 2184879A1F055D49009EE112 /* Label.swift */; };
		2190AEAC1F08763800912B37 /* EyeDropperView.swift in Sources */ = {isa = PBXBuildFile; fileRef = 2190AEAB1F08763800912B37 /* EyeDropperView.swift */; };
		2190AEB31F09226200912B37 /* PopoverController.swift in Sources */ = {isa = PBXBuildFile; fileRef = 2190AEB21F09226200912B37 /* PopoverController.swift */; };
		21968A8F1F1062AC00FB373F /* main.swift in Sources */ = {isa = PBXBuildFile; fileRef = 21968A8E1F1062AC00FB373F /* main.swift */; };
		21968AA11F1062FF00FB373F /* Color.framework in Frameworks */ = {isa = PBXBuildFile; fileRef = 21968A981F1062FF00FB373F /* Color.framework */; };
		21968AAD1F1062FF00FB373F /* Color.framework in Frameworks */ = {isa = PBXBuildFile; fileRef = 21968A981F1062FF00FB373F /* Color.framework */; };
		21968AAE1F1062FF00FB373F /* Color.framework in Embed Frameworks */ = {isa = PBXBuildFile; fileRef = 21968A981F1062FF00FB373F /* Color.framework */; settings = {ATTRIBUTES = (CodeSignOnCopy, RemoveHeadersOnCopy, ); }; };
		21968ABC1F10633600FB373F /* NSColor+Contrast.swift in Sources */ = {isa = PBXBuildFile; fileRef = 21968AB61F10633600FB373F /* NSColor+Contrast.swift */; };
		21968ABD1F10633600FB373F /* Color.h in Headers */ = {isa = PBXBuildFile; fileRef = 21968AB81F10633600FB373F /* Color.h */; settings = {ATTRIBUTES = (Public, ); }; };
		21968AC01F10646400FB373F /* ColorTests.swift in Sources */ = {isa = PBXBuildFile; fileRef = 21968ABB1F10633600FB373F /* ColorTests.swift */; };
		21968AC11F1064F000FB373F /* NSColor+Contrast.swift in Sources */ = {isa = PBXBuildFile; fileRef = 21968AB61F10633600FB373F /* NSColor+Contrast.swift */; };
		21968AC51F10664D00FB373F /* contrast in Embed Command Line Tool */ = {isa = PBXBuildFile; fileRef = 21968A8C1F1062AC00FB373F /* contrast */; settings = {ATTRIBUTES = (CodeSignOnCopy, ); }; };
		21968AC71F10BA0E00FB373F /* Score.swift in Sources */ = {isa = PBXBuildFile; fileRef = 21968AC61F10BA0E00FB373F /* Score.swift */; };
		21968AC81F10BA5400FB373F /* Score.swift in Sources */ = {isa = PBXBuildFile; fileRef = 21968AC61F10BA0E00FB373F /* Score.swift */; };
		21D0DA7A1F0D7E6400632FF5 /* LoupeView.swift in Sources */ = {isa = PBXBuildFile; fileRef = 21D0DA791F0D7E6400632FF5 /* LoupeView.swift */; };
		21D0DA7C1F0D844C00632FF5 /* Screenshot.swift in Sources */ = {isa = PBXBuildFile; fileRef = 21D0DA7B1F0D844C00632FF5 /* Screenshot.swift */; };
		21D0DA7E1F0D88E700632FF5 /* NSFont+Contrast.swift in Sources */ = {isa = PBXBuildFile; fileRef = 21D0DA7D1F0D88E700632FF5 /* NSFont+Contrast.swift */; };
		21D0DA831F0D896F00632FF5 /* click_snap.wav in Resources */ = {isa = PBXBuildFile; fileRef = 21D0DA801F0D896F00632FF5 /* click_snap.wav */; };
		21D0DA841F0D896F00632FF5 /* click_tiny.wav in Resources */ = {isa = PBXBuildFile; fileRef = 21D0DA811F0D896F00632FF5 /* click_tiny.wav */; };
		21D0DA851F0D896F00632FF5 /* slide_left.wav in Resources */ = {isa = PBXBuildFile; fileRef = 21D0DA821F0D896F00632FF5 /* slide_left.wav */; };
		21D0DA871F0D8A2000632FF5 /* NSSound+Contrast.swift in Sources */ = {isa = PBXBuildFile; fileRef = 21D0DA861F0D8A2000632FF5 /* NSSound+Contrast.swift */; };
		21D0DA8B1F0D8E6900632FF5 /* click_type.wav in Resources */ = {isa = PBXBuildFile; fileRef = 21D0DA8A1F0D8E6900632FF5 /* click_type.wav */; };
		21DF06501F0931BB00A5F9C0 /* PlainButton.swift in Sources */ = {isa = PBXBuildFile; fileRef = 21DF064F1F0931BB00A5F9C0 /* PlainButton.swift */; };
		21E685451F05E0ED00471E6C /* Native-Regular.ttf in Resources */ = {isa = PBXBuildFile; fileRef = 21E685441F05E0ED00471E6C /* Native-Regular.ttf */; };
/* End PBXBuildFile section */

/* Begin PBXContainerItemProxy section */
		21968AA21F1062FF00FB373F /* PBXContainerItemProxy */ = {
			isa = PBXContainerItemProxy;
			containerPortal = 218486FE1F04642C009EE112 /* Project object */;
			proxyType = 1;
			remoteGlobalIDString = 21968A971F1062FF00FB373F;
			remoteInfo = Color;
		};
		21968AA41F1062FF00FB373F /* PBXContainerItemProxy */ = {
			isa = PBXContainerItemProxy;
			containerPortal = 218486FE1F04642C009EE112 /* Project object */;
			proxyType = 1;
			remoteGlobalIDString = 218487051F04642C009EE112;
			remoteInfo = Contrast;
		};
		21968AAB1F1062FF00FB373F /* PBXContainerItemProxy */ = {
			isa = PBXContainerItemProxy;
			containerPortal = 218486FE1F04642C009EE112 /* Project object */;
			proxyType = 1;
			remoteGlobalIDString = 21968A971F1062FF00FB373F;
			remoteInfo = Color;
		};
		21968AC21F10663900FB373F /* PBXContainerItemProxy */ = {
			isa = PBXContainerItemProxy;
			containerPortal = 218486FE1F04642C009EE112 /* Project object */;
			proxyType = 1;
			remoteGlobalIDString = 21968A8B1F1062AC00FB373F;
			remoteInfo = ContrastCLI;
		};
/* End PBXContainerItemProxy section */

/* Begin PBXCopyFilesBuildPhase section */
		2184878E1F055827009EE112 /* Embed Frameworks */ = {
			isa = PBXCopyFilesBuildPhase;
			buildActionMask = 2147483647;
			dstPath = "";
			dstSubfolderSpec = 10;
			files = (
				21968AAE1F1062FF00FB373F /* Color.framework in Embed Frameworks */,
			);
			name = "Embed Frameworks";
			runOnlyForDeploymentPostprocessing = 0;
		};
		21968A8A1F1062AC00FB373F /* CopyFiles */ = {
			isa = PBXCopyFilesBuildPhase;
			buildActionMask = 2147483647;
			dstPath = /usr/share/man/man1/;
			dstSubfolderSpec = 0;
			files = (
			);
			runOnlyForDeploymentPostprocessing = 1;
		};
		21968AC41F10663C00FB373F /* Embed Command Line Tool */ = {
			isa = PBXCopyFilesBuildPhase;
			buildActionMask = 2147483647;
			dstPath = "";
			dstSubfolderSpec = 12;
			files = (
				21968AC51F10664D00FB373F /* contrast in Embed Command Line Tool */,
			);
			name = "Embed Command Line Tool";
			runOnlyForDeploymentPostprocessing = 0;
		};
/* End PBXCopyFilesBuildPhase section */

/* Begin PBXFileReference section */
		21017DE21F0C89DB00D94400 /* HexFormatter.swift */ = {isa = PBXFileReference; fileEncoding = 4; lastKnownFileType = sourcecode.swift; path = HexFormatter.swift; sourceTree = "<group>"; };
		211E2B381F0B46D400757881 /* HexColor.swift */ = {isa = PBXFileReference; fileEncoding = 4; lastKnownFileType = sourcecode.swift; path = HexColor.swift; sourceTree = "<group>"; };
		21616E671F058A220095EFAC /* NSImage+Tint.swift */ = {isa = PBXFileReference; fileEncoding = 4; lastKnownFileType = sourcecode.swift; path = "NSImage+Tint.swift"; sourceTree = "<group>"; };
		21758ECA1F09E579006FA782 /* CloseButton.swift */ = {isa = PBXFileReference; fileEncoding = 4; lastKnownFileType = sourcecode.swift; path = CloseButton.swift; sourceTree = "<group>"; };
		21758ECC1F09EE13006FA782 /* DetachedWindow.swift */ = {isa = PBXFileReference; fileEncoding = 4; lastKnownFileType = sourcecode.swift; path = DetachedWindow.swift; sourceTree = "<group>"; };
		218487061F04642C009EE112 /* Contrast.app */ = {isa = PBXFileReference; explicitFileType = wrapper.application; includeInIndex = 0; path = Contrast.app; sourceTree = BUILT_PRODUCTS_DIR; };
		218487331F05473F009EE112 /* AppDelegate.swift */ = {isa = PBXFileReference; fileEncoding = 4; lastKnownFileType = sourcecode.swift; path = AppDelegate.swift; sourceTree = "<group>"; };
		218487341F05473F009EE112 /* EyeDropper.swift */ = {isa = PBXFileReference; fileEncoding = 4; lastKnownFileType = sourcecode.swift; path = EyeDropper.swift; sourceTree = "<group>"; };
		218487351F05473F009EE112 /* EyeDropperWindow.swift */ = {isa = PBXFileReference; fileEncoding = 4; lastKnownFileType = sourcecode.swift; path = EyeDropperWindow.swift; sourceTree = "<group>"; };
		218487361F05473F009EE112 /* GridView.swift */ = {isa = PBXFileReference; fileEncoding = 4; lastKnownFileType = sourcecode.swift; path = GridView.swift; sourceTree = "<group>"; };
		218487371F05473F009EE112 /* MenuBarController.swift */ = {isa = PBXFileReference; fileEncoding = 4; lastKnownFileType = sourcecode.swift; path = MenuBarController.swift; sourceTree = "<group>"; };
		2184873B1F05473F009EE112 /* ColorsViewController.swift */ = {isa = PBXFileReference; fileEncoding = 4; lastKnownFileType = sourcecode.swift; path = ColorsViewController.swift; sourceTree = "<group>"; };
		2184873D1F05473F009EE112 /* Assets.xcassets */ = {isa = PBXFileReference; lastKnownFileType = folder.assetcatalog; path = Assets.xcassets; sourceTree = "<group>"; };
		2184873F1F05473F009EE112 /* Base */ = {isa = PBXFileReference; lastKnownFileType = file.storyboard; name = Base; path = Base.lproj/Main.storyboard; sourceTree = "<group>"; };
		218487421F05473F009EE112 /* Info.plist */ = {isa = PBXFileReference; fileEncoding = 4; lastKnownFileType = text.plist.xml; path = Info.plist; sourceTree = "<group>"; };
		2184876D1F054CA2009EE112 /* ColorTests.swift */ = {isa = PBXFileReference; fileEncoding = 4; lastKnownFileType = sourcecode.swift; path = ColorTests.swift; sourceTree = "<group>"; };
		218487921F055B21009EE112 /* ColorInput.swift */ = {isa = PBXFileReference; fileEncoding = 4; lastKnownFileType = sourcecode.swift; path = ColorInput.swift; sourceTree = "<group>"; };
		218487941F055B42009EE112 /* TextField.swift */ = {isa = PBXFileReference; fileEncoding = 4; lastKnownFileType = sourcecode.swift; path = TextField.swift; sourceTree = "<group>"; };
		218487961F055B81009EE112 /* Button.swift */ = {isa = PBXFileReference; fileEncoding = 4; lastKnownFileType = sourcecode.swift; path = Button.swift; sourceTree = "<group>"; };
		218487981F055D10009EE112 /* Theme.swift */ = {isa = PBXFileReference; fileEncoding = 4; lastKnownFileType = sourcecode.swift; path = Theme.swift; sourceTree = "<group>"; };
		2184879A1F055D49009EE112 /* Label.swift */ = {isa = PBXFileReference; fileEncoding = 4; lastKnownFileType = sourcecode.swift; path = Label.swift; sourceTree = "<group>"; };
		2190AEAB1F08763800912B37 /* EyeDropperView.swift */ = {isa = PBXFileReference; fileEncoding = 4; lastKnownFileType = sourcecode.swift; path = EyeDropperView.swift; sourceTree = "<group>"; };
		2190AEB21F09226200912B37 /* PopoverController.swift */ = {isa = PBXFileReference; fileEncoding = 4; lastKnownFileType = sourcecode.swift; path = PopoverController.swift; sourceTree = "<group>"; };
		21968A8C1F1062AC00FB373F /* contrast */ = {isa = PBXFileReference; explicitFileType = "compiled.mach-o.executable"; includeInIndex = 0; path = contrast; sourceTree = BUILT_PRODUCTS_DIR; };
		21968A8E1F1062AC00FB373F /* main.swift */ = {isa = PBXFileReference; lastKnownFileType = sourcecode.swift; path = main.swift; sourceTree = "<group>"; };
		21968A981F1062FF00FB373F /* Color.framework */ = {isa = PBXFileReference; explicitFileType = wrapper.framework; includeInIndex = 0; path = Color.framework; sourceTree = BUILT_PRODUCTS_DIR; };
		21968AA01F1062FF00FB373F /* ColorTests.xctest */ = {isa = PBXFileReference; explicitFileType = wrapper.cfbundle; includeInIndex = 0; path = ColorTests.xctest; sourceTree = BUILT_PRODUCTS_DIR; };
		21968AB61F10633600FB373F /* NSColor+Contrast.swift */ = {isa = PBXFileReference; fileEncoding = 4; lastKnownFileType = sourcecode.swift; path = "NSColor+Contrast.swift"; sourceTree = "<group>"; };
		21968AB81F10633600FB373F /* Color.h */ = {isa = PBXFileReference; fileEncoding = 4; lastKnownFileType = sourcecode.c.h; path = Color.h; sourceTree = "<group>"; };
		21968AB91F10633600FB373F /* Info.plist */ = {isa = PBXFileReference; fileEncoding = 4; lastKnownFileType = text.plist.xml; path = Info.plist; sourceTree = "<group>"; };
		21968ABB1F10633600FB373F /* ColorTests.swift */ = {isa = PBXFileReference; fileEncoding = 4; lastKnownFileType = sourcecode.swift; path = ColorTests.swift; sourceTree = "<group>"; };
		21968AC61F10BA0E00FB373F /* Score.swift */ = {isa = PBXFileReference; fileEncoding = 4; lastKnownFileType = sourcecode.swift; path = Score.swift; sourceTree = "<group>"; };
		21D0DA791F0D7E6400632FF5 /* LoupeView.swift */ = {isa = PBXFileReference; fileEncoding = 4; lastKnownFileType = sourcecode.swift; path = LoupeView.swift; sourceTree = "<group>"; };
		21D0DA7B1F0D844C00632FF5 /* Screenshot.swift */ = {isa = PBXFileReference; fileEncoding = 4; lastKnownFileType = sourcecode.swift; path = Screenshot.swift; sourceTree = "<group>"; };
		21D0DA7D1F0D88E700632FF5 /* NSFont+Contrast.swift */ = {isa = PBXFileReference; fileEncoding = 4; lastKnownFileType = sourcecode.swift; path = "NSFont+Contrast.swift"; sourceTree = "<group>"; };
		21D0DA801F0D896F00632FF5 /* click_snap.wav */ = {isa = PBXFileReference; lastKnownFileType = audio.wav; path = click_snap.wav; sourceTree = "<group>"; };
		21D0DA811F0D896F00632FF5 /* click_tiny.wav */ = {isa = PBXFileReference; lastKnownFileType = audio.wav; path = click_tiny.wav; sourceTree = "<group>"; };
		21D0DA821F0D896F00632FF5 /* slide_left.wav */ = {isa = PBXFileReference; lastKnownFileType = audio.wav; path = slide_left.wav; sourceTree = "<group>"; };
		21D0DA861F0D8A2000632FF5 /* NSSound+Contrast.swift */ = {isa = PBXFileReference; fileEncoding = 4; lastKnownFileType = sourcecode.swift; path = "NSSound+Contrast.swift"; sourceTree = "<group>"; };
		21D0DA8A1F0D8E6900632FF5 /* click_type.wav */ = {isa = PBXFileReference; lastKnownFileType = audio.wav; path = click_type.wav; sourceTree = "<group>"; };
		21DF064F1F0931BB00A5F9C0 /* PlainButton.swift */ = {isa = PBXFileReference; lastKnownFileType = sourcecode.swift; path = PlainButton.swift; sourceTree = "<group>"; };
		21E685441F05E0ED00471E6C /* Native-Regular.ttf */ = {isa = PBXFileReference; lastKnownFileType = file; path = "Native-Regular.ttf"; sourceTree = "<group>"; };
/* End PBXFileReference section */

/* Begin PBXFrameworksBuildPhase section */
		218487031F04642C009EE112 /* Frameworks */ = {
			isa = PBXFrameworksBuildPhase;
			buildActionMask = 2147483647;
			files = (
				21968AAD1F1062FF00FB373F /* Color.framework in Frameworks */,
			);
			runOnlyForDeploymentPostprocessing = 0;
		};
		21968A891F1062AC00FB373F /* Frameworks */ = {
			isa = PBXFrameworksBuildPhase;
			buildActionMask = 2147483647;
			files = (
			);
			runOnlyForDeploymentPostprocessing = 0;
		};
		21968A941F1062FF00FB373F /* Frameworks */ = {
			isa = PBXFrameworksBuildPhase;
			buildActionMask = 2147483647;
			files = (
			);
			runOnlyForDeploymentPostprocessing = 0;
		};
		21968A9D1F1062FF00FB373F /* Frameworks */ = {
			isa = PBXFrameworksBuildPhase;
			buildActionMask = 2147483647;
			files = (
				21968AA11F1062FF00FB373F /* Color.framework in Frameworks */,
			);
			runOnlyForDeploymentPostprocessing = 0;
		};
/* End PBXFrameworksBuildPhase section */

/* Begin PBXGroup section */
		218486FD1F04642C009EE112 = {
			isa = PBXGroup;
			children = (
				218487081F04642C009EE112 /* Contrast */,
				21968A8D1F1062AC00FB373F /* ContrastCLI */,
				21968A991F1062FF00FB373F /* Color */,
				218487071F04642C009EE112 /* Products */,
			);
			sourceTree = "<group>";
		};
		218487071F04642C009EE112 /* Products */ = {
			isa = PBXGroup;
			children = (
				218487061F04642C009EE112 /* Contrast.app */,
				21968A8C1F1062AC00FB373F /* contrast */,
				21968A981F1062FF00FB373F /* Color.framework */,
				21968AA01F1062FF00FB373F /* ColorTests.xctest */,
			);
			name = Products;
			sourceTree = "<group>";
		};
		218487081F04642C009EE112 /* Contrast */ = {
			isa = PBXGroup;
			children = (
				218487321F05473F009EE112 /* Sources */,
				2184873C1F05473F009EE112 /* Support */,
				2184876C1F054CA2009EE112 /* Tests */,
			);
			path = Contrast;
			sourceTree = "<group>";
		};
		218487321F05473F009EE112 /* Sources */ = {
			isa = PBXGroup;
			children = (
				218487561F0549F0009EE112 /* Application */,
				218487571F0549F4009EE112 /* Controllers */,
				2190AEAE1F08769900912B37 /* Window Controllers */,
				2190AEB11F0876D300912B37 /* View Controllers */,
				218487501F0547AD009EE112 /* Models */,
				2190AEAD1F08768000912B37 /* Views */,
				2190AEAF1F0876A100912B37 /* Windows */,
				2190AEB01F0876AF00912B37 /* Extensions */,
				21017DE21F0C89DB00D94400 /* HexFormatter.swift */,
			);
			path = Sources;
			sourceTree = "<group>";
		};
		2184873C1F05473F009EE112 /* Support */ = {
			isa = PBXGroup;
			children = (
				21E685431F05E0ED00471E6C /* Fonts */,
				21D0DA7F1F0D896F00632FF5 /* Sounds */,
				2184873D1F05473F009EE112 /* Assets.xcassets */,
				2184873E1F05473F009EE112 /* Main.storyboard */,
				218487421F05473F009EE112 /* Info.plist */,
			);
			path = Support;
			sourceTree = "<group>";
		};
		218487501F0547AD009EE112 /* Models */ = {
			isa = PBXGroup;
			children = (
				218487981F055D10009EE112 /* Theme.swift */,
				211E2B381F0B46D400757881 /* HexColor.swift */,
				21D0DA7B1F0D844C00632FF5 /* Screenshot.swift */,
			);
			name = Models;
			sourceTree = "<group>";
		};
		218487561F0549F0009EE112 /* Application */ = {
			isa = PBXGroup;
			children = (
				218487331F05473F009EE112 /* AppDelegate.swift */,
			);
			name = Application;
			sourceTree = "<group>";
		};
		218487571F0549F4009EE112 /* Controllers */ = {
			isa = PBXGroup;
			children = (
				218487371F05473F009EE112 /* MenuBarController.swift */,
				2190AEB21F09226200912B37 /* PopoverController.swift */,
			);
			name = Controllers;
			sourceTree = "<group>";
		};
		2184876C1F054CA2009EE112 /* Tests */ = {
			isa = PBXGroup;
			children = (
				2184876D1F054CA2009EE112 /* ColorTests.swift */,
			);
			path = Tests;
			sourceTree = "<group>";
		};
		2190AEAD1F08768000912B37 /* Views */ = {
			isa = PBXGroup;
			children = (
				2190AEAB1F08763800912B37 /* EyeDropperView.swift */,
				21D0DA791F0D7E6400632FF5 /* LoupeView.swift */,
				218487921F055B21009EE112 /* ColorInput.swift */,
				218487941F055B42009EE112 /* TextField.swift */,
				2184879A1F055D49009EE112 /* Label.swift */,
				218487961F055B81009EE112 /* Button.swift */,
				21DF064F1F0931BB00A5F9C0 /* PlainButton.swift */,
				218487361F05473F009EE112 /* GridView.swift */,
				21758ECA1F09E579006FA782 /* CloseButton.swift */,
			);
			name = Views;
			sourceTree = "<group>";
		};
		2190AEAE1F08769900912B37 /* Window Controllers */ = {
			isa = PBXGroup;
			children = (
				218487341F05473F009EE112 /* EyeDropper.swift */,
			);
			name = "Window Controllers";
			sourceTree = "<group>";
		};
		2190AEAF1F0876A100912B37 /* Windows */ = {
			isa = PBXGroup;
			children = (
				218487351F05473F009EE112 /* EyeDropperWindow.swift */,
				21758ECC1F09EE13006FA782 /* DetachedWindow.swift */,
			);
			name = Windows;
			sourceTree = "<group>";
		};
		2190AEB01F0876AF00912B37 /* Extensions */ = {
			isa = PBXGroup;
			children = (
				21616E671F058A220095EFAC /* NSImage+Tint.swift */,
				21D0DA7D1F0D88E700632FF5 /* NSFont+Contrast.swift */,
				21D0DA861F0D8A2000632FF5 /* NSSound+Contrast.swift */,
			);
			name = Extensions;
			sourceTree = "<group>";
		};
		2190AEB11F0876D300912B37 /* View Controllers */ = {
			isa = PBXGroup;
			children = (
				2184873B1F05473F009EE112 /* ColorsViewController.swift */,
			);
			name = "View Controllers";
			sourceTree = "<group>";
		};
		21968A8D1F1062AC00FB373F /* ContrastCLI */ = {
			isa = PBXGroup;
			children = (
				21968A8E1F1062AC00FB373F /* main.swift */,
			);
			path = ContrastCLI;
			sourceTree = "<group>";
		};
		21968A991F1062FF00FB373F /* Color */ = {
			isa = PBXGroup;
			children = (
				21968AB51F10633600FB373F /* Sources */,
				21968AB71F10633600FB373F /* Support */,
				21968ABA1F10633600FB373F /* Tests */,
			);
			path = Color;
			sourceTree = "<group>";
		};
		21968AB51F10633600FB373F /* Sources */ = {
			isa = PBXGroup;
			children = (
				21968AC61F10BA0E00FB373F /* Score.swift */,
				21968AB61F10633600FB373F /* NSColor+Contrast.swift */,
			);
			path = Sources;
			sourceTree = "<group>";
		};
		21968AB71F10633600FB373F /* Support */ = {
			isa = PBXGroup;
			children = (
				21968AB81F10633600FB373F /* Color.h */,
				21968AB91F10633600FB373F /* Info.plist */,
			);
			path = Support;
			sourceTree = "<group>";
		};
		21968ABA1F10633600FB373F /* Tests */ = {
			isa = PBXGroup;
			children = (
				21968ABB1F10633600FB373F /* ColorTests.swift */,
			);
			path = Tests;
			sourceTree = "<group>";
		};
		21D0DA7F1F0D896F00632FF5 /* Sounds */ = {
			isa = PBXGroup;
			children = (
				21D0DA8A1F0D8E6900632FF5 /* click_type.wav */,
				21D0DA801F0D896F00632FF5 /* click_snap.wav */,
				21D0DA811F0D896F00632FF5 /* click_tiny.wav */,
				21D0DA821F0D896F00632FF5 /* slide_left.wav */,
			);
			path = Sounds;
			sourceTree = "<group>";
		};
		21E685431F05E0ED00471E6C /* Fonts */ = {
			isa = PBXGroup;
			children = (
				21E685441F05E0ED00471E6C /* Native-Regular.ttf */,
			);
			path = Fonts;
			sourceTree = "<group>";
		};
/* End PBXGroup section */

/* Begin PBXHeadersBuildPhase section */
		21968A951F1062FF00FB373F /* Headers */ = {
			isa = PBXHeadersBuildPhase;
			buildActionMask = 2147483647;
			files = (
				21968ABD1F10633600FB373F /* Color.h in Headers */,
			);
			runOnlyForDeploymentPostprocessing = 0;
		};
/* End PBXHeadersBuildPhase section */

/* Begin PBXNativeTarget section */
		218487051F04642C009EE112 /* Contrast */ = {
			isa = PBXNativeTarget;
			buildConfigurationList = 218487151F04642C009EE112 /* Build configuration list for PBXNativeTarget "Contrast" */;
			buildPhases = (
				218487021F04642C009EE112 /* Sources */,
				218487031F04642C009EE112 /* Frameworks */,
				218487041F04642C009EE112 /* Resources */,
				2184878E1F055827009EE112 /* Embed Frameworks */,
				21968AC41F10663C00FB373F /* Embed Command Line Tool */,
				21E685461F05FB5E00471E6C /* Set Version */,
			);
			buildRules = (
			);
			dependencies = (
				21968AC31F10663900FB373F /* PBXTargetDependency */,
				21968AAC1F1062FF00FB373F /* PBXTargetDependency */,
			);
			name = Contrast;
			productName = Contrast;
			productReference = 218487061F04642C009EE112 /* Contrast.app */;
			productType = "com.apple.product-type.application";
		};
		21968A8B1F1062AC00FB373F /* ContrastCLI */ = {
			isa = PBXNativeTarget;
			buildConfigurationList = 21968A921F1062AC00FB373F /* Build configuration list for PBXNativeTarget "ContrastCLI" */;
			buildPhases = (
				21968A881F1062AC00FB373F /* Sources */,
				21968A891F1062AC00FB373F /* Frameworks */,
				21968A8A1F1062AC00FB373F /* CopyFiles */,
			);
			buildRules = (
			);
			dependencies = (
			);
			name = ContrastCLI;
			productName = ContrastCLI;
			productReference = 21968A8C1F1062AC00FB373F /* contrast */;
			productType = "com.apple.product-type.tool";
		};
		21968A971F1062FF00FB373F /* Color */ = {
			isa = PBXNativeTarget;
			buildConfigurationList = 21968AAF1F1062FF00FB373F /* Build configuration list for PBXNativeTarget "Color" */;
			buildPhases = (
				21968A931F1062FF00FB373F /* Sources */,
				21968A941F1062FF00FB373F /* Frameworks */,
				21968A951F1062FF00FB373F /* Headers */,
				21968A961F1062FF00FB373F /* Resources */,
			);
			buildRules = (
			);
			dependencies = (
			);
			name = Color;
			productName = Color;
			productReference = 21968A981F1062FF00FB373F /* Color.framework */;
			productType = "com.apple.product-type.framework";
		};
		21968A9F1F1062FF00FB373F /* ColorTests */ = {
			isa = PBXNativeTarget;
			buildConfigurationList = 21968AB21F1062FF00FB373F /* Build configuration list for PBXNativeTarget "ColorTests" */;
			buildPhases = (
				21968A9C1F1062FF00FB373F /* Sources */,
				21968A9D1F1062FF00FB373F /* Frameworks */,
				21968A9E1F1062FF00FB373F /* Resources */,
			);
			buildRules = (
			);
			dependencies = (
				21968AA31F1062FF00FB373F /* PBXTargetDependency */,
				21968AA51F1062FF00FB373F /* PBXTargetDependency */,
			);
			name = ColorTests;
			productName = ColorTests;
			productReference = 21968AA01F1062FF00FB373F /* ColorTests.xctest */;
			productType = "com.apple.product-type.bundle.unit-test";
		};
/* End PBXNativeTarget section */

/* Begin PBXProject section */
		218486FE1F04642C009EE112 /* Project object */ = {
			isa = PBXProject;
			attributes = {
				LastSwiftUpdateCheck = 0830;
				LastUpgradeCheck = 0900;
				ORGANIZATIONNAME = "Nothing Magical, Inc.";
				TargetAttributes = {
					218487051F04642C009EE112 = {
						CreatedOnToolsVersion = 8.3.3;
						DevelopmentTeam = UP9C8XM22A;
						ProvisioningStyle = Automatic;
					};
					21968A8B1F1062AC00FB373F = {
						CreatedOnToolsVersion = 8.3.3;
						DevelopmentTeam = UP9C8XM22A;
						ProvisioningStyle = Automatic;
					};
					21968A971F1062FF00FB373F = {
						CreatedOnToolsVersion = 8.3.3;
						ProvisioningStyle = Automatic;
					};
					21968A9F1F1062FF00FB373F = {
						CreatedOnToolsVersion = 8.3.3;
						DevelopmentTeam = UP9C8XM22A;
						ProvisioningStyle = Automatic;
					};
				};
			};
			buildConfigurationList = 218487011F04642C009EE112 /* Build configuration list for PBXProject "Contrast" */;
			compatibilityVersion = "Xcode 3.2";
			developmentRegion = English;
			hasScannedForEncodings = 0;
			knownRegions = (
				en,
				Base,
			);
			mainGroup = 218486FD1F04642C009EE112;
			productRefGroup = 218487071F04642C009EE112 /* Products */;
			projectDirPath = "";
			projectRoot = "";
			targets = (
				218487051F04642C009EE112 /* Contrast */,
				21968A8B1F1062AC00FB373F /* ContrastCLI */,
				21968A971F1062FF00FB373F /* Color */,
				21968A9F1F1062FF00FB373F /* ColorTests */,
			);
		};
/* End PBXProject section */

/* Begin PBXResourcesBuildPhase section */
		218487041F04642C009EE112 /* Resources */ = {
			isa = PBXResourcesBuildPhase;
			buildActionMask = 2147483647;
			files = (
				2184874C1F05473F009EE112 /* Assets.xcassets in Resources */,
				21D0DA8B1F0D8E6900632FF5 /* click_type.wav in Resources */,
				21D0DA841F0D896F00632FF5 /* click_tiny.wav in Resources */,
				21D0DA831F0D896F00632FF5 /* click_snap.wav in Resources */,
				21E685451F05E0ED00471E6C /* Native-Regular.ttf in Resources */,
				2184874D1F05473F009EE112 /* Main.storyboard in Resources */,
				21D0DA851F0D896F00632FF5 /* slide_left.wav in Resources */,
			);
			runOnlyForDeploymentPostprocessing = 0;
		};
		21968A961F1062FF00FB373F /* Resources */ = {
			isa = PBXResourcesBuildPhase;
			buildActionMask = 2147483647;
			files = (
			);
			runOnlyForDeploymentPostprocessing = 0;
		};
		21968A9E1F1062FF00FB373F /* Resources */ = {
			isa = PBXResourcesBuildPhase;
			buildActionMask = 2147483647;
			files = (
			);
			runOnlyForDeploymentPostprocessing = 0;
		};
/* End PBXResourcesBuildPhase section */

/* Begin PBXShellScriptBuildPhase section */
		21E685461F05FB5E00471E6C /* Set Version */ = {
			isa = PBXShellScriptBuildPhase;
			buildActionMask = 2147483647;
			files = (
			);
			inputPaths = (
			);
			name = "Set Version";
			outputPaths = (
			);
			runOnlyForDeploymentPostprocessing = 0;
			shellPath = "/usr/bin/env ruby";
			shellScript = "git = `sh /etc/profile; which git`.chomp\napp_build = `#{git} rev-list HEAD --count`.chomp.to_i\n`/usr/libexec/PlistBuddy -c \"Set :CFBundleVersion #{app_build}\" \"${TARGET_BUILD_DIR}/${INFOPLIST_PATH}\"`\nputs \"Updated #{ENV['TARGET_BUILD_DIR']}/#{ENV['INFOPLIST_PATH']}\"";
		};
/* End PBXShellScriptBuildPhase section */

/* Begin PBXSourcesBuildPhase section */
		218487021F04642C009EE112 /* Sources */ = {
			isa = PBXSourcesBuildPhase;
			buildActionMask = 2147483647;
			files = (
				21616E681F058A220095EFAC /* NSImage+Tint.swift in Sources */,
				218487951F055B42009EE112 /* TextField.swift in Sources */,
				2184879B1F055D49009EE112 /* Label.swift in Sources */,
				21758ECD1F09EE13006FA782 /* DetachedWindow.swift in Sources */,
				21D0DA871F0D8A2000632FF5 /* NSSound+Contrast.swift in Sources */,
				21D0DA7A1F0D7E6400632FF5 /* LoupeView.swift in Sources */,
				2184874B1F05473F009EE112 /* ColorsViewController.swift in Sources */,
				21DF06501F0931BB00A5F9C0 /* PlainButton.swift in Sources */,
				218487971F055B81009EE112 /* Button.swift in Sources */,
				2190AEAC1F08763800912B37 /* EyeDropperView.swift in Sources */,
				218487931F055B21009EE112 /* ColorInput.swift in Sources */,
				21017DE31F0C89DB00D94400 /* HexFormatter.swift in Sources */,
				218487441F05473F009EE112 /* EyeDropper.swift in Sources */,
				218487431F05473F009EE112 /* AppDelegate.swift in Sources */,
				21758ECB1F09E579006FA782 /* CloseButton.swift in Sources */,
				218487461F05473F009EE112 /* GridView.swift in Sources */,
				218487991F055D10009EE112 /* Theme.swift in Sources */,
				218487451F05473F009EE112 /* EyeDropperWindow.swift in Sources */,
				211E2B391F0B46D400757881 /* HexColor.swift in Sources */,
				218487471F05473F009EE112 /* MenuBarController.swift in Sources */,
				21D0DA7C1F0D844C00632FF5 /* Screenshot.swift in Sources */,
				2190AEB31F09226200912B37 /* PopoverController.swift in Sources */,
				21D0DA7E1F0D88E700632FF5 /* NSFont+Contrast.swift in Sources */,
			);
			runOnlyForDeploymentPostprocessing = 0;
		};
		21968A881F1062AC00FB373F /* Sources */ = {
			isa = PBXSourcesBuildPhase;
			buildActionMask = 2147483647;
			files = (
				21968AC11F1064F000FB373F /* NSColor+Contrast.swift in Sources */,
				21968AC81F10BA5400FB373F /* Score.swift in Sources */,
				21968A8F1F1062AC00FB373F /* main.swift in Sources */,
			);
			runOnlyForDeploymentPostprocessing = 0;
		};
		21968A931F1062FF00FB373F /* Sources */ = {
			isa = PBXSourcesBuildPhase;
			buildActionMask = 2147483647;
			files = (
				21968AC71F10BA0E00FB373F /* Score.swift in Sources */,
				21968ABC1F10633600FB373F /* NSColor+Contrast.swift in Sources */,
			);
			runOnlyForDeploymentPostprocessing = 0;
		};
		21968A9C1F1062FF00FB373F /* Sources */ = {
			isa = PBXSourcesBuildPhase;
			buildActionMask = 2147483647;
			files = (
				21968AC01F10646400FB373F /* ColorTests.swift in Sources */,
			);
			runOnlyForDeploymentPostprocessing = 0;
		};
/* End PBXSourcesBuildPhase section */

/* Begin PBXTargetDependency section */
		21968AA31F1062FF00FB373F /* PBXTargetDependency */ = {
			isa = PBXTargetDependency;
			target = 21968A971F1062FF00FB373F /* Color */;
			targetProxy = 21968AA21F1062FF00FB373F /* PBXContainerItemProxy */;
		};
		21968AA51F1062FF00FB373F /* PBXTargetDependency */ = {
			isa = PBXTargetDependency;
			target = 218487051F04642C009EE112 /* Contrast */;
			targetProxy = 21968AA41F1062FF00FB373F /* PBXContainerItemProxy */;
		};
		21968AAC1F1062FF00FB373F /* PBXTargetDependency */ = {
			isa = PBXTargetDependency;
			target = 21968A971F1062FF00FB373F /* Color */;
			targetProxy = 21968AAB1F1062FF00FB373F /* PBXContainerItemProxy */;
		};
		21968AC31F10663900FB373F /* PBXTargetDependency */ = {
			isa = PBXTargetDependency;
			target = 21968A8B1F1062AC00FB373F /* ContrastCLI */;
			targetProxy = 21968AC21F10663900FB373F /* PBXContainerItemProxy */;
		};
/* End PBXTargetDependency section */

/* Begin PBXVariantGroup section */
		2184873E1F05473F009EE112 /* Main.storyboard */ = {
			isa = PBXVariantGroup;
			children = (
				2184873F1F05473F009EE112 /* Base */,
			);
			name = Main.storyboard;
			sourceTree = "<group>";
		};
/* End PBXVariantGroup section */

/* Begin XCBuildConfiguration section */
		218487131F04642C009EE112 /* Debug */ = {
			isa = XCBuildConfiguration;
			buildSettings = {
				ALWAYS_SEARCH_USER_PATHS = NO;
				CLANG_ANALYZER_NONNULL = YES;
				CLANG_ANALYZER_NUMBER_OBJECT_CONVERSION = YES_AGGRESSIVE;
				CLANG_CXX_LANGUAGE_STANDARD = "gnu++0x";
				CLANG_CXX_LIBRARY = "libc++";
				CLANG_ENABLE_MODULES = YES;
				CLANG_ENABLE_OBJC_ARC = YES;
				CLANG_WARN_BLOCK_CAPTURE_AUTORELEASING = YES;
				CLANG_WARN_BOOL_CONVERSION = YES;
				CLANG_WARN_COMMA = YES;
				CLANG_WARN_CONSTANT_CONVERSION = YES;
				CLANG_WARN_DIRECT_OBJC_ISA_USAGE = YES_ERROR;
				CLANG_WARN_DOCUMENTATION_COMMENTS = YES;
				CLANG_WARN_EMPTY_BODY = YES;
				CLANG_WARN_ENUM_CONVERSION = YES;
				CLANG_WARN_INFINITE_RECURSION = YES;
				CLANG_WARN_INT_CONVERSION = YES;
				CLANG_WARN_NON_LITERAL_NULL_CONVERSION = YES;
				CLANG_WARN_OBJC_LITERAL_CONVERSION = YES;
				CLANG_WARN_OBJC_ROOT_CLASS = YES_ERROR;
				CLANG_WARN_RANGE_LOOP_ANALYSIS = YES;
				CLANG_WARN_STRICT_PROTOTYPES = YES;
				CLANG_WARN_SUSPICIOUS_MOVE = YES;
				CLANG_WARN_UNREACHABLE_CODE = YES;
				CLANG_WARN__DUPLICATE_METHOD_MATCH = YES;
				CODE_SIGN_IDENTITY = "-";
				COPY_PHASE_STRIP = NO;
				DEBUG_INFORMATION_FORMAT = dwarf;
				ENABLE_STRICT_OBJC_MSGSEND = YES;
				ENABLE_TESTABILITY = YES;
				GCC_C_LANGUAGE_STANDARD = gnu99;
				GCC_DYNAMIC_NO_PIC = NO;
				GCC_NO_COMMON_BLOCKS = YES;
				GCC_OPTIMIZATION_LEVEL = 0;
				GCC_PREPROCESSOR_DEFINITIONS = (
					"DEBUG=1",
					"$(inherited)",
				);
				GCC_WARN_64_TO_32_BIT_CONVERSION = YES;
				GCC_WARN_ABOUT_RETURN_TYPE = YES_ERROR;
				GCC_WARN_UNDECLARED_SELECTOR = YES;
				GCC_WARN_UNINITIALIZED_AUTOS = YES_AGGRESSIVE;
				GCC_WARN_UNUSED_FUNCTION = YES;
				GCC_WARN_UNUSED_VARIABLE = YES;
				MACOSX_DEPLOYMENT_TARGET = 10.12;
				MTL_ENABLE_DEBUG_INFO = YES;
				ONLY_ACTIVE_ARCH = YES;
				SDKROOT = macosx;
				SWIFT_ACTIVE_COMPILATION_CONDITIONS = DEBUG;
				SWIFT_OPTIMIZATION_LEVEL = "-Onone";
			};
			name = Debug;
		};
		218487141F04642C009EE112 /* Release */ = {
			isa = XCBuildConfiguration;
			buildSettings = {
				ALWAYS_SEARCH_USER_PATHS = NO;
				CLANG_ANALYZER_NONNULL = YES;
				CLANG_ANALYZER_NUMBER_OBJECT_CONVERSION = YES_AGGRESSIVE;
				CLANG_CXX_LANGUAGE_STANDARD = "gnu++0x";
				CLANG_CXX_LIBRARY = "libc++";
				CLANG_ENABLE_MODULES = YES;
				CLANG_ENABLE_OBJC_ARC = YES;
				CLANG_WARN_BLOCK_CAPTURE_AUTORELEASING = YES;
				CLANG_WARN_BOOL_CONVERSION = YES;
				CLANG_WARN_COMMA = YES;
				CLANG_WARN_CONSTANT_CONVERSION = YES;
				CLANG_WARN_DIRECT_OBJC_ISA_USAGE = YES_ERROR;
				CLANG_WARN_DOCUMENTATION_COMMENTS = YES;
				CLANG_WARN_EMPTY_BODY = YES;
				CLANG_WARN_ENUM_CONVERSION = YES;
				CLANG_WARN_INFINITE_RECURSION = YES;
				CLANG_WARN_INT_CONVERSION = YES;
				CLANG_WARN_NON_LITERAL_NULL_CONVERSION = YES;
				CLANG_WARN_OBJC_LITERAL_CONVERSION = YES;
				CLANG_WARN_OBJC_ROOT_CLASS = YES_ERROR;
				CLANG_WARN_RANGE_LOOP_ANALYSIS = YES;
				CLANG_WARN_STRICT_PROTOTYPES = YES;
				CLANG_WARN_SUSPICIOUS_MOVE = YES;
				CLANG_WARN_UNREACHABLE_CODE = YES;
				CLANG_WARN__DUPLICATE_METHOD_MATCH = YES;
				CODE_SIGN_IDENTITY = "-";
				COPY_PHASE_STRIP = NO;
				DEBUG_INFORMATION_FORMAT = "dwarf-with-dsym";
				ENABLE_NS_ASSERTIONS = NO;
				ENABLE_STRICT_OBJC_MSGSEND = YES;
				GCC_C_LANGUAGE_STANDARD = gnu99;
				GCC_NO_COMMON_BLOCKS = YES;
				GCC_WARN_64_TO_32_BIT_CONVERSION = YES;
				GCC_WARN_ABOUT_RETURN_TYPE = YES_ERROR;
				GCC_WARN_UNDECLARED_SELECTOR = YES;
				GCC_WARN_UNINITIALIZED_AUTOS = YES_AGGRESSIVE;
				GCC_WARN_UNUSED_FUNCTION = YES;
				GCC_WARN_UNUSED_VARIABLE = YES;
				MACOSX_DEPLOYMENT_TARGET = 10.12;
				MTL_ENABLE_DEBUG_INFO = NO;
				SDKROOT = macosx;
				SWIFT_OPTIMIZATION_LEVEL = "-Owholemodule";
			};
			name = Release;
		};
		218487161F04642C009EE112 /* Debug */ = {
			isa = XCBuildConfiguration;
			buildSettings = {
				ALWAYS_EMBED_SWIFT_STANDARD_LIBRARIES = YES;
				ASSETCATALOG_COMPILER_APPICON_NAME = AppIcon;
				CODE_SIGN_IDENTITY = "Mac Developer";
				COMBINE_HIDPI_IMAGES = YES;
				DEVELOPMENT_TEAM = "";
				INFOPLIST_FILE = "$(SRCROOT)/Contrast/Support/Info.plist";
				LD_RUNPATH_SEARCH_PATHS = "$(inherited) @executable_path/../Frameworks";
				PRODUCT_BUNDLE_IDENTIFIER = com.nothingmagical.Contrast;
				PRODUCT_NAME = "$(TARGET_NAME)";
				PROVISIONING_PROFILE_SPECIFIER = "";
				SWIFT_VERSION = 3.0;
			};
			name = Debug;
		};
		218487171F04642C009EE112 /* Release */ = {
			isa = XCBuildConfiguration;
			buildSettings = {
				ALWAYS_EMBED_SWIFT_STANDARD_LIBRARIES = YES;
				ASSETCATALOG_COMPILER_APPICON_NAME = AppIcon;
				CODE_SIGN_IDENTITY = "Mac Developer";
				COMBINE_HIDPI_IMAGES = YES;
				DEVELOPMENT_TEAM = "";
				INFOPLIST_FILE = "$(SRCROOT)/Contrast/Support/Info.plist";
				LD_RUNPATH_SEARCH_PATHS = "$(inherited) @executable_path/../Frameworks";
				PRODUCT_BUNDLE_IDENTIFIER = com.nothingmagical.Contrast;
				PRODUCT_NAME = "$(TARGET_NAME)";
				PROVISIONING_PROFILE_SPECIFIER = "";
				SWIFT_VERSION = 3.0;
			};
			name = Release;
		};
		21968A901F1062AC00FB373F /* Debug */ = {
			isa = XCBuildConfiguration;
			buildSettings = {
				DEVELOPMENT_TEAM = UP9C8XM22A;
				PRODUCT_NAME = contrast;
				SKIP_INSTALL = YES;
				SWIFT_VERSION = 3.0;
			};
			name = Debug;
		};
		21968A911F1062AC00FB373F /* Release */ = {
			isa = XCBuildConfiguration;
			buildSettings = {
				DEVELOPMENT_TEAM = UP9C8XM22A;
				PRODUCT_NAME = contrast;
				SKIP_INSTALL = YES;
				SWIFT_VERSION = 3.0;
			};
			name = Release;
		};
		21968AB01F1062FF00FB373F /* Debug */ = {
			isa = XCBuildConfiguration;
			buildSettings = {
				APPLICATION_EXTENSION_API_ONLY = YES;
				CODE_SIGN_IDENTITY = "Mac Developer";
				COMBINE_HIDPI_IMAGES = YES;
				CURRENT_PROJECT_VERSION = 1;
				DEFINES_MODULE = YES;
				DEVELOPMENT_TEAM = "";
				DYLIB_COMPATIBILITY_VERSION = 1;
				DYLIB_CURRENT_VERSION = 1;
				DYLIB_INSTALL_NAME_BASE = "@rpath";
				FRAMEWORK_VERSION = A;
				INFOPLIST_FILE = Color/Support/Info.plist;
				INSTALL_PATH = "$(LOCAL_LIBRARY_DIR)/Frameworks";
				LD_RUNPATH_SEARCH_PATHS = "$(inherited) @executable_path/../Frameworks @loader_path/Frameworks";
				PRODUCT_BUNDLE_IDENTIFIER = com.nothingmagical.Color;
				PRODUCT_NAME = "$(TARGET_NAME)";
				SKIP_INSTALL = YES;
				SWIFT_VERSION = 3.0;
				VERSIONING_SYSTEM = "apple-generic";
				VERSION_INFO_PREFIX = "";
			};
			name = Debug;
		};
		21968AB11F1062FF00FB373F /* Release */ = {
			isa = XCBuildConfiguration;
			buildSettings = {
				APPLICATION_EXTENSION_API_ONLY = YES;
				CODE_SIGN_IDENTITY = "Mac Developer";
				COMBINE_HIDPI_IMAGES = YES;
				CURRENT_PROJECT_VERSION = 1;
				DEFINES_MODULE = YES;
				DEVELOPMENT_TEAM = "";
				DYLIB_COMPATIBILITY_VERSION = 1;
				DYLIB_CURRENT_VERSION = 1;
				DYLIB_INSTALL_NAME_BASE = "@rpath";
				FRAMEWORK_VERSION = A;
				INFOPLIST_FILE = Color/Support/Info.plist;
				INSTALL_PATH = "$(LOCAL_LIBRARY_DIR)/Frameworks";
				LD_RUNPATH_SEARCH_PATHS = "$(inherited) @executable_path/../Frameworks @loader_path/Frameworks";
				PRODUCT_BUNDLE_IDENTIFIER = com.nothingmagical.Color;
				PRODUCT_NAME = "$(TARGET_NAME)";
				SKIP_INSTALL = YES;
				SWIFT_VERSION = 3.0;
				VERSIONING_SYSTEM = "apple-generic";
				VERSION_INFO_PREFIX = "";
			};
			name = Release;
		};
		21968AB31F1062FF00FB373F /* Debug */ = {
			isa = XCBuildConfiguration;
			buildSettings = {
				ALWAYS_EMBED_SWIFT_STANDARD_LIBRARIES = YES;
				COMBINE_HIDPI_IMAGES = YES;
				DEVELOPMENT_TEAM = UP9C8XM22A;
				INFOPLIST_FILE = "Color/Support/Tests-Info.plist";
				LD_RUNPATH_SEARCH_PATHS = "$(inherited) @executable_path/../Frameworks @loader_path/../Frameworks";
				PRODUCT_BUNDLE_IDENTIFIER = com.nothingmagical.ColorTests;
				PRODUCT_NAME = "$(TARGET_NAME)";
				SWIFT_VERSION = 3.0;
			};
			name = Debug;
		};
		21968AB41F1062FF00FB373F /* Release */ = {
			isa = XCBuildConfiguration;
			buildSettings = {
				ALWAYS_EMBED_SWIFT_STANDARD_LIBRARIES = YES;
				COMBINE_HIDPI_IMAGES = YES;
				DEVELOPMENT_TEAM = UP9C8XM22A;
				INFOPLIST_FILE = "Color/Support/Tests-Info.plist";
				LD_RUNPATH_SEARCH_PATHS = "$(inherited) @executable_path/../Frameworks @loader_path/../Frameworks";
				PRODUCT_BUNDLE_IDENTIFIER = com.nothingmagical.ColorTests;
				PRODUCT_NAME = "$(TARGET_NAME)";
				SWIFT_VERSION = 3.0;
			};
			name = Release;
		};
/* End XCBuildConfiguration section */

/* Begin XCConfigurationList section */
		218487011F04642C009EE112 /* Build configuration list for PBXProject "Contrast" */ = {
			isa = XCConfigurationList;
			buildConfigurations = (
				218487131F04642C009EE112 /* Debug */,
				218487141F04642C009EE112 /* Release */,
			);
			defaultConfigurationIsVisible = 0;
			defaultConfigurationName = Release;
		};
		218487151F04642C009EE112 /* Build configuration list for PBXNativeTarget "Contrast" */ = {
			isa = XCConfigurationList;
			buildConfigurations = (
				218487161F04642C009EE112 /* Debug */,
				218487171F04642C009EE112 /* Release */,
			);
			defaultConfigurationIsVisible = 0;
			defaultConfigurationName = Release;
		};
		21968A921F1062AC00FB373F /* Build configuration list for PBXNativeTarget "ContrastCLI" */ = {
			isa = XCConfigurationList;
			buildConfigurations = (
				21968A901F1062AC00FB373F /* Debug */,
				21968A911F1062AC00FB373F /* Release */,
			);
			defaultConfigurationIsVisible = 0;
			defaultConfigurationName = Release;
		};
		21968AAF1F1062FF00FB373F /* Build configuration list for PBXNativeTarget "Color" */ = {
			isa = XCConfigurationList;
			buildConfigurations = (
				21968AB01F1062FF00FB373F /* Debug */,
				21968AB11F1062FF00FB373F /* Release */,
			);
			defaultConfigurationIsVisible = 0;
			defaultConfigurationName = Release;
		};
		21968AB21F1062FF00FB373F /* Build configuration list for PBXNativeTarget "ColorTests" */ = {
			isa = XCConfigurationList;
			buildConfigurations = (
				21968AB31F1062FF00FB373F /* Debug */,
				21968AB41F1062FF00FB373F /* Release */,
			);
			defaultConfigurationIsVisible = 0;
			defaultConfigurationName = Release;
		};
/* End XCConfigurationList section */
	};
	rootObject = 218486FE1F04642C009EE112 /* Project object */;
}
