// !$*UTF8*$!
{
	archiveVersion = 1;
	classes = {
	};
	objectVersion = 46;
	objects = {

/* Begin PBXBuildFile section */
		21017DE31F0C89DB00D94400 /* HexFormatter.swift in Sources */ = {isa = PBXBuildFile; fileRef = 21017DE21F0C89DB00D94400 /* HexFormatter.swift */; };
		211E2B391F0B46D400757881 /* HexColor.swift in Sources */ = {isa = PBXBuildFile; fileRef = 211E2B381F0B46D400757881 /* HexColor.swift */; };
		21616E681F058A220095EFAC /* NSImage+Tint.swift in Sources */ = {isa = PBXBuildFile; fileRef = 21616E671F058A220095EFAC /* NSImage+Tint.swift */; };
		21758ECB1F09E579006FA782 /* CloseButton.swift in Sources */ = {isa = PBXBuildFile; fileRef = 21758ECA1F09E579006FA782 /* CloseButton.swift */; };
		21758ECD1F09EE13006FA782 /* DetachedWindow.swift in Sources */ = {isa = PBXBuildFile; fileRef = 21758ECC1F09EE13006FA782 /* DetachedWindow.swift */; };
		218487431F05473F009EE112 /* AppDelegate.swift in Sources */ = {isa = PBXBuildFile; fileRef = 218487331F05473F009EE112 /* AppDelegate.swift */; };
		218487441F05473F009EE112 /* EyeDropper.swift in Sources */ = {isa = PBXBuildFile; fileRef = 218487341F05473F009EE112 /* EyeDropper.swift */; };
		218487451F05473F009EE112 /* EyeDropperWindow.swift in Sources */ = {isa = PBXBuildFile; fileRef = 218487351F05473F009EE112 /* EyeDropperWindow.swift */; };
		218487461F05473F009EE112 /* GridView.swift in Sources */ = {isa = PBXBuildFile; fileRef = 218487361F05473F009EE112 /* GridView.swift */; };
		218487471F05473F009EE112 /* MenuBarController.swift in Sources */ = {isa = PBXBuildFile; fileRef = 218487371F05473F009EE112 /* MenuBarController.swift */; };
		218487481F05473F009EE112 /* NSColor+Contrast.swift in Sources */ = {isa = PBXBuildFile; fileRef = 218487381F05473F009EE112 /* NSColor+Contrast.swift */; };
		2184874A1F05473F009EE112 /* Score.swift in Sources */ = {isa = PBXBuildFile; fileRef = 2184873A1F05473F009EE112 /* Score.swift */; };
		2184874B1F05473F009EE112 /* ColorsViewController.swift in Sources */ = {isa = PBXBuildFile; fileRef = 2184873B1F05473F009EE112 /* ColorsViewController.swift */; };
		2184874C1F05473F009EE112 /* Assets.xcassets in Resources */ = {isa = PBXBuildFile; fileRef = 2184873D1F05473F009EE112 /* Assets.xcassets */; };
		2184874D1F05473F009EE112 /* Main.storyboard in Resources */ = {isa = PBXBuildFile; fileRef = 2184873E1F05473F009EE112 /* Main.storyboard */; };
		2184876E1F054CA2009EE112 /* ColorTests.swift in Sources */ = {isa = PBXBuildFile; fileRef = 2184876D1F054CA2009EE112 /* ColorTests.swift */; };
		218487931F055B21009EE112 /* ColorInput.swift in Sources */ = {isa = PBXBuildFile; fileRef = 218487921F055B21009EE112 /* ColorInput.swift */; };
		218487951F055B42009EE112 /* TextField.swift in Sources */ = {isa = PBXBuildFile; fileRef = 218487941F055B42009EE112 /* TextField.swift */; };
		218487971F055B81009EE112 /* Button.swift in Sources */ = {isa = PBXBuildFile; fileRef = 218487961F055B81009EE112 /* Button.swift */; };
		218487991F055D10009EE112 /* Theme.swift in Sources */ = {isa = PBXBuildFile; fileRef = 218487981F055D10009EE112 /* Theme.swift */; };
		2184879B1F055D49009EE112 /* Label.swift in Sources */ = {isa = PBXBuildFile; fileRef = 2184879A1F055D49009EE112 /* Label.swift */; };
		2190AEAC1F08763800912B37 /* EyeDropperView.swift in Sources */ = {isa = PBXBuildFile; fileRef = 2190AEAB1F08763800912B37 /* EyeDropperView.swift */; };
		2190AEB31F09226200912B37 /* PopoverController.swift in Sources */ = {isa = PBXBuildFile; fileRef = 2190AEB21F09226200912B37 /* PopoverController.swift */; };
		21D0DA7A1F0D7E6400632FF5 /* LoupeView.swift in Sources */ = {isa = PBXBuildFile; fileRef = 21D0DA791F0D7E6400632FF5 /* LoupeView.swift */; };
		21DF06501F0931BB00A5F9C0 /* PlainButton.swift in Sources */ = {isa = PBXBuildFile; fileRef = 21DF064F1F0931BB00A5F9C0 /* PlainButton.swift */; };
		21E685451F05E0ED00471E6C /* Native-Regular.ttf in Resources */ = {isa = PBXBuildFile; fileRef = 21E685441F05E0ED00471E6C /* Native-Regular.ttf */; };
/* End PBXBuildFile section */

/* Begin PBXContainerItemProxy section */
		218487611F054C3E009EE112 /* PBXContainerItemProxy */ = {
			isa = PBXContainerItemProxy;
			containerPortal = 218486FE1F04642C009EE112 /* Project object */;
			proxyType = 1;
			remoteGlobalIDString = 218487051F04642C009EE112;
			remoteInfo = Contrast;
		};
/* End PBXContainerItemProxy section */

/* Begin PBXCopyFilesBuildPhase section */
		2184878E1F055827009EE112 /* Embed Frameworks */ = {
			isa = PBXCopyFilesBuildPhase;
			buildActionMask = 2147483647;
			dstPath = "";
			dstSubfolderSpec = 10;
			files = (
			);
			name = "Embed Frameworks";
			runOnlyForDeploymentPostprocessing = 0;
		};
/* End PBXCopyFilesBuildPhase section */

/* Begin PBXFileReference section */
		21017DE21F0C89DB00D94400 /* HexFormatter.swift */ = {isa = PBXFileReference; fileEncoding = 4; lastKnownFileType = sourcecode.swift; path = HexFormatter.swift; sourceTree = "<group>"; };
		211E2B381F0B46D400757881 /* HexColor.swift */ = {isa = PBXFileReference; fileEncoding = 4; lastKnownFileType = sourcecode.swift; path = HexColor.swift; sourceTree = "<group>"; };
		21616E671F058A220095EFAC /* NSImage+Tint.swift */ = {isa = PBXFileReference; fileEncoding = 4; lastKnownFileType = sourcecode.swift; path = "NSImage+Tint.swift"; sourceTree = "<group>"; };
		21758ECA1F09E579006FA782 /* CloseButton.swift */ = {isa = PBXFileReference; fileEncoding = 4; lastKnownFileType = sourcecode.swift; path = CloseButton.swift; sourceTree = "<group>"; };
		21758ECC1F09EE13006FA782 /* DetachedWindow.swift */ = {isa = PBXFileReference; fileEncoding = 4; lastKnownFileType = sourcecode.swift; path = DetachedWindow.swift; sourceTree = "<group>"; };
		218487061F04642C009EE112 /* Contrast.app */ = {isa = PBXFileReference; explicitFileType = wrapper.application; includeInIndex = 0; path = Contrast.app; sourceTree = BUILT_PRODUCTS_DIR; };
		218487331F05473F009EE112 /* AppDelegate.swift */ = {isa = PBXFileReference; fileEncoding = 4; lastKnownFileType = sourcecode.swift; path = AppDelegate.swift; sourceTree = "<group>"; };
		218487341F05473F009EE112 /* EyeDropper.swift */ = {isa = PBXFileReference; fileEncoding = 4; lastKnownFileType = sourcecode.swift; path = EyeDropper.swift; sourceTree = "<group>"; };
		218487351F05473F009EE112 /* EyeDropperWindow.swift */ = {isa = PBXFileReference; fileEncoding = 4; lastKnownFileType = sourcecode.swift; path = EyeDropperWindow.swift; sourceTree = "<group>"; };
		218487361F05473F009EE112 /* GridView.swift */ = {isa = PBXFileReference; fileEncoding = 4; lastKnownFileType = sourcecode.swift; path = GridView.swift; sourceTree = "<group>"; };
		218487371F05473F009EE112 /* MenuBarController.swift */ = {isa = PBXFileReference; fileEncoding = 4; lastKnownFileType = sourcecode.swift; path = MenuBarController.swift; sourceTree = "<group>"; };
		218487381F05473F009EE112 /* NSColor+Contrast.swift */ = {isa = PBXFileReference; fileEncoding = 4; lastKnownFileType = sourcecode.swift; path = "NSColor+Contrast.swift"; sourceTree = "<group>"; };
		2184873A1F05473F009EE112 /* Score.swift */ = {isa = PBXFileReference; fileEncoding = 4; lastKnownFileType = sourcecode.swift; path = Score.swift; sourceTree = "<group>"; };
		2184873B1F05473F009EE112 /* ColorsViewController.swift */ = {isa = PBXFileReference; fileEncoding = 4; lastKnownFileType = sourcecode.swift; path = ColorsViewController.swift; sourceTree = "<group>"; };
		2184873D1F05473F009EE112 /* Assets.xcassets */ = {isa = PBXFileReference; lastKnownFileType = folder.assetcatalog; path = Assets.xcassets; sourceTree = "<group>"; };
		2184873F1F05473F009EE112 /* Base */ = {isa = PBXFileReference; lastKnownFileType = file.storyboard; name = Base; path = Base.lproj/Main.storyboard; sourceTree = "<group>"; };
		218487421F05473F009EE112 /* Info.plist */ = {isa = PBXFileReference; fileEncoding = 4; lastKnownFileType = text.plist.xml; path = Info.plist; sourceTree = "<group>"; };
		2184875C1F054C3D009EE112 /* ContrastTests.xctest */ = {isa = PBXFileReference; explicitFileType = wrapper.cfbundle; includeInIndex = 0; path = ContrastTests.xctest; sourceTree = BUILT_PRODUCTS_DIR; };
		218487691F054C8F009EE112 /* Tests-Info.plist */ = {isa = PBXFileReference; fileEncoding = 4; lastKnownFileType = text.plist.xml; path = "Tests-Info.plist"; sourceTree = "<group>"; };
		2184876D1F054CA2009EE112 /* ColorTests.swift */ = {isa = PBXFileReference; fileEncoding = 4; lastKnownFileType = sourcecode.swift; path = ColorTests.swift; sourceTree = "<group>"; };
		218487921F055B21009EE112 /* ColorInput.swift */ = {isa = PBXFileReference; fileEncoding = 4; lastKnownFileType = sourcecode.swift; path = ColorInput.swift; sourceTree = "<group>"; };
		218487941F055B42009EE112 /* TextField.swift */ = {isa = PBXFileReference; fileEncoding = 4; lastKnownFileType = sourcecode.swift; path = TextField.swift; sourceTree = "<group>"; };
		218487961F055B81009EE112 /* Button.swift */ = {isa = PBXFileReference; fileEncoding = 4; lastKnownFileType = sourcecode.swift; path = Button.swift; sourceTree = "<group>"; };
		218487981F055D10009EE112 /* Theme.swift */ = {isa = PBXFileReference; fileEncoding = 4; lastKnownFileType = sourcecode.swift; path = Theme.swift; sourceTree = "<group>"; };
		2184879A1F055D49009EE112 /* Label.swift */ = {isa = PBXFileReference; fileEncoding = 4; lastKnownFileType = sourcecode.swift; path = Label.swift; sourceTree = "<group>"; };
		2190AEAB1F08763800912B37 /* EyeDropperView.swift */ = {isa = PBXFileReference; fileEncoding = 4; lastKnownFileType = sourcecode.swift; path = EyeDropperView.swift; sourceTree = "<group>"; };
		2190AEB21F09226200912B37 /* PopoverController.swift */ = {isa = PBXFileReference; fileEncoding = 4; lastKnownFileType = sourcecode.swift; path = PopoverController.swift; sourceTree = "<group>"; };
		21D0DA791F0D7E6400632FF5 /* LoupeView.swift */ = {isa = PBXFileReference; fileEncoding = 4; lastKnownFileType = sourcecode.swift; path = LoupeView.swift; sourceTree = "<group>"; };
		21DF064F1F0931BB00A5F9C0 /* PlainButton.swift */ = {isa = PBXFileReference; lastKnownFileType = sourcecode.swift; path = PlainButton.swift; sourceTree = "<group>"; };
		21E685441F05E0ED00471E6C /* Native-Regular.ttf */ = {isa = PBXFileReference; lastKnownFileType = file; path = "Native-Regular.ttf"; sourceTree = "<group>"; };
/* End PBXFileReference section */

/* Begin PBXFrameworksBuildPhase section */
		218487031F04642C009EE112 /* Frameworks */ = {
			isa = PBXFrameworksBuildPhase;
			buildActionMask = 2147483647;
			files = (
			);
			runOnlyForDeploymentPostprocessing = 0;
		};
		218487591F054C3D009EE112 /* Frameworks */ = {
			isa = PBXFrameworksBuildPhase;
			buildActionMask = 2147483647;
			files = (
			);
			runOnlyForDeploymentPostprocessing = 0;
		};
/* End PBXFrameworksBuildPhase section */

/* Begin PBXGroup section */
		218486FD1F04642C009EE112 = {
			isa = PBXGroup;
			children = (
				218487081F04642C009EE112 /* Contrast */,
				218487071F04642C009EE112 /* Products */,
			);
			sourceTree = "<group>";
		};
		218487071F04642C009EE112 /* Products */ = {
			isa = PBXGroup;
			children = (
				218487061F04642C009EE112 /* Contrast.app */,
				2184875C1F054C3D009EE112 /* ContrastTests.xctest */,
			);
			name = Products;
			sourceTree = "<group>";
		};
		218487081F04642C009EE112 /* Contrast */ = {
			isa = PBXGroup;
			children = (
				218487321F05473F009EE112 /* Sources */,
				2184873C1F05473F009EE112 /* Support */,
				2184876C1F054CA2009EE112 /* Tests */,
			);
			path = Contrast;
			sourceTree = "<group>";
		};
		218487321F05473F009EE112 /* Sources */ = {
			isa = PBXGroup;
			children = (
				218487561F0549F0009EE112 /* Application */,
				218487571F0549F4009EE112 /* Controllers */,
				2190AEAE1F08769900912B37 /* Window Controllers */,
				2190AEB11F0876D300912B37 /* View Controllers */,
				218487501F0547AD009EE112 /* Models */,
				2190AEAD1F08768000912B37 /* Views */,
				2190AEAF1F0876A100912B37 /* Windows */,
				2190AEB01F0876AF00912B37 /* Extensions */,
				21017DE21F0C89DB00D94400 /* HexFormatter.swift */,
			);
			path = Sources;
			sourceTree = "<group>";
		};
		2184873C1F05473F009EE112 /* Support */ = {
			isa = PBXGroup;
			children = (
				2184873D1F05473F009EE112 /* Assets.xcassets */,
				2184873E1F05473F009EE112 /* Main.storyboard */,
				21E685431F05E0ED00471E6C /* Fonts */,
				218487421F05473F009EE112 /* Info.plist */,
				218487691F054C8F009EE112 /* Tests-Info.plist */,
			);
			path = Support;
			sourceTree = "<group>";
		};
		218487501F0547AD009EE112 /* Models */ = {
			isa = PBXGroup;
			children = (
				218487981F055D10009EE112 /* Theme.swift */,
				211E2B381F0B46D400757881 /* HexColor.swift */,
				2184873A1F05473F009EE112 /* Score.swift */,
			);
			name = Models;
			sourceTree = "<group>";
		};
		218487561F0549F0009EE112 /* Application */ = {
			isa = PBXGroup;
			children = (
				218487331F05473F009EE112 /* AppDelegate.swift */,
			);
			name = Application;
			sourceTree = "<group>";
		};
		218487571F0549F4009EE112 /* Controllers */ = {
			isa = PBXGroup;
			children = (
				218487371F05473F009EE112 /* MenuBarController.swift */,
				2190AEB21F09226200912B37 /* PopoverController.swift */,
			);
			name = Controllers;
			sourceTree = "<group>";
		};
		2184876C1F054CA2009EE112 /* Tests */ = {
			isa = PBXGroup;
			children = (
				2184876D1F054CA2009EE112 /* ColorTests.swift */,
			);
			path = Tests;
			sourceTree = "<group>";
		};
		2190AEAD1F08768000912B37 /* Views */ = {
			isa = PBXGroup;
			children = (
				2190AEAB1F08763800912B37 /* EyeDropperView.swift */,
				21D0DA791F0D7E6400632FF5 /* LoupeView.swift */,
				218487921F055B21009EE112 /* ColorInput.swift */,
				218487941F055B42009EE112 /* TextField.swift */,
				2184879A1F055D49009EE112 /* Label.swift */,
				218487961F055B81009EE112 /* Button.swift */,
				21DF064F1F0931BB00A5F9C0 /* PlainButton.swift */,
				218487361F05473F009EE112 /* GridView.swift */,
				21758ECA1F09E579006FA782 /* CloseButton.swift */,
			);
			name = Views;
			sourceTree = "<group>";
		};
		2190AEAE1F08769900912B37 /* Window Controllers */ = {
			isa = PBXGroup;
			children = (
				218487341F05473F009EE112 /* EyeDropper.swift */,
			);
			name = "Window Controllers";
			sourceTree = "<group>";
		};
		2190AEAF1F0876A100912B37 /* Windows */ = {
			isa = PBXGroup;
			children = (
				218487351F05473F009EE112 /* EyeDropperWindow.swift */,
				21758ECC1F09EE13006FA782 /* DetachedWindow.swift */,
			);
			name = Windows;
			sourceTree = "<group>";
		};
		2190AEB01F0876AF00912B37 /* Extensions */ = {
			isa = PBXGroup;
			children = (
				21616E671F058A220095EFAC /* NSImage+Tint.swift */,
				218487381F05473F009EE112 /* NSColor+Contrast.swift */,
			);
			name = Extensions;
			sourceTree = "<group>";
		};
		2190AEB11F0876D300912B37 /* View Controllers */ = {
			isa = PBXGroup;
			children = (
				2184873B1F05473F009EE112 /* ColorsViewController.swift */,
			);
			name = "View Controllers";
			sourceTree = "<group>";
		};
		21E685431F05E0ED00471E6C /* Fonts */ = {
			isa = PBXGroup;
			children = (
				21E685441F05E0ED00471E6C /* Native-Regular.ttf */,
			);
			path = Fonts;
			sourceTree = "<group>";
		};
/* End PBXGroup section */

/* Begin PBXNativeTarget section */
		218487051F04642C009EE112 /* Contrast */ = {
			isa = PBXNativeTarget;
			buildConfigurationList = 218487151F04642C009EE112 /* Build configuration list for PBXNativeTarget "Contrast" */;
			buildPhases = (
				218487021F04642C009EE112 /* Sources */,
				218487031F04642C009EE112 /* Frameworks */,
				218487041F04642C009EE112 /* Resources */,
				2184878E1F055827009EE112 /* Embed Frameworks */,
				21E685461F05FB5E00471E6C /* Set Version */,
			);
			buildRules = (
			);
			dependencies = (
			);
			name = Contrast;
			productName = Contrast;
			productReference = 218487061F04642C009EE112 /* Contrast.app */;
			productType = "com.apple.product-type.application";
		};
		2184875B1F054C3D009EE112 /* ContrastTests */ = {
			isa = PBXNativeTarget;
			buildConfigurationList = 218487631F054C3E009EE112 /* Build configuration list for PBXNativeTarget "ContrastTests" */;
			buildPhases = (
				218487581F054C3D009EE112 /* Sources */,
				218487591F054C3D009EE112 /* Frameworks */,
				2184875A1F054C3D009EE112 /* Resources */,
			);
			buildRules = (
			);
			dependencies = (
				218487621F054C3E009EE112 /* PBXTargetDependency */,
			);
			name = ContrastTests;
			productName = ContrastTests;
			productReference = 2184875C1F054C3D009EE112 /* ContrastTests.xctest */;
			productType = "com.apple.product-type.bundle.unit-test";
		};
/* End PBXNativeTarget section */

/* Begin PBXProject section */
		218486FE1F04642C009EE112 /* Project object */ = {
			isa = PBXProject;
			attributes = {
				LastSwiftUpdateCheck = 0830;
				LastUpgradeCheck = 0900;
				ORGANIZATIONNAME = "Nothing Magical, Inc.";
				TargetAttributes = {
					218487051F04642C009EE112 = {
						CreatedOnToolsVersion = 8.3.3;
						DevelopmentTeam = UP9C8XM22A;
						ProvisioningStyle = Automatic;
					};
					2184875B1F054C3D009EE112 = {
						CreatedOnToolsVersion = 8.3.3;
						DevelopmentTeam = UP9C8XM22A;
						ProvisioningStyle = Automatic;
						TestTargetID = 218487051F04642C009EE112;
					};
				};
			};
			buildConfigurationList = 218487011F04642C009EE112 /* Build configuration list for PBXProject "Contrast" */;
			compatibilityVersion = "Xcode 3.2";
			developmentRegion = English;
			hasScannedForEncodings = 0;
			knownRegions = (
				en,
				Base,
			);
			mainGroup = 218486FD1F04642C009EE112;
			productRefGroup = 218487071F04642C009EE112 /* Products */;
			projectDirPath = "";
			projectRoot = "";
			targets = (
				218487051F04642C009EE112 /* Contrast */,
				2184875B1F054C3D009EE112 /* ContrastTests */,
			);
		};
/* End PBXProject section */

/* Begin PBXResourcesBuildPhase section */
		218487041F04642C009EE112 /* Resources */ = {
			isa = PBXResourcesBuildPhase;
			buildActionMask = 2147483647;
			files = (
				2184874C1F05473F009EE112 /* Assets.xcassets in Resources */,
				21E685451F05E0ED00471E6C /* Native-Regular.ttf in Resources */,
				2184874D1F05473F009EE112 /* Main.storyboard in Resources */,
			);
			runOnlyForDeploymentPostprocessing = 0;
		};
		2184875A1F054C3D009EE112 /* Resources */ = {
			isa = PBXResourcesBuildPhase;
			buildActionMask = 2147483647;
			files = (
			);
			runOnlyForDeploymentPostprocessing = 0;
		};
/* End PBXResourcesBuildPhase section */

/* Begin PBXShellScriptBuildPhase section */
		21E685461F05FB5E00471E6C /* Set Version */ = {
			isa = PBXShellScriptBuildPhase;
			buildActionMask = 2147483647;
			files = (
			);
			inputPaths = (
			);
			name = "Set Version";
			outputPaths = (
			);
			runOnlyForDeploymentPostprocessing = 0;
			shellPath = "/usr/bin/env ruby";
			shellScript = "git = `sh /etc/profile; which git`.chomp\napp_build = `#{git} rev-list HEAD --count`.chomp.to_i\n`/usr/libexec/PlistBuddy -c \"Set :CFBundleVersion #{app_build}\" \"${TARGET_BUILD_DIR}/${INFOPLIST_PATH}\"`\nputs \"Updated #{ENV['TARGET_BUILD_DIR']}/#{ENV['INFOPLIST_PATH']}\"";
		};
/* End PBXShellScriptBuildPhase section */

/* Begin PBXSourcesBuildPhase section */
		218487021F04642C009EE112 /* Sources */ = {
			isa = PBXSourcesBuildPhase;
			buildActionMask = 2147483647;
			files = (
				21616E681F058A220095EFAC /* NSImage+Tint.swift in Sources */,
				218487481F05473F009EE112 /* NSColor+Contrast.swift in Sources */,
				2184874A1F05473F009EE112 /* Score.swift in Sources */,
				218487951F055B42009EE112 /* TextField.swift in Sources */,
				2184879B1F055D49009EE112 /* Label.swift in Sources */,
				21758ECD1F09EE13006FA782 /* DetachedWindow.swift in Sources */,
				21D0DA7A1F0D7E6400632FF5 /* LoupeView.swift in Sources */,
				2184874B1F05473F009EE112 /* ColorsViewController.swift in Sources */,
				21DF06501F0931BB00A5F9C0 /* PlainButton.swift in Sources */,
				218487971F055B81009EE112 /* Button.swift in Sources */,
				2190AEAC1F08763800912B37 /* EyeDropperView.swift in Sources */,
				218487931F055B21009EE112 /* ColorInput.swift in Sources */,
				21017DE31F0C89DB00D94400 /* HexFormatter.swift in Sources */,
				218487441F05473F009EE112 /* EyeDropper.swift in Sources */,
				218487431F05473F009EE112 /* AppDelegate.swift in Sources */,
				21758ECB1F09E579006FA782 /* CloseButton.swift in Sources */,
				218487461F05473F009EE112 /* GridView.swift in Sources */,
				218487991F055D10009EE112 /* Theme.swift in Sources */,
				218487451F05473F009EE112 /* EyeDropperWindow.swift in Sources */,
				211E2B391F0B46D400757881 /* HexColor.swift in Sources */,
				218487471F05473F009EE112 /* MenuBarController.swift in Sources */,
				2190AEB31F09226200912B37 /* PopoverController.swift in Sources */,
			);
			runOnlyForDeploymentPostprocessing = 0;
		};
		218487581F054C3D009EE112 /* Sources */ = {
			isa = PBXSourcesBuildPhase;
			buildActionMask = 2147483647;
			files = (
				2184876E1F054CA2009EE112 /* ColorTests.swift in Sources */,
			);
			runOnlyForDeploymentPostprocessing = 0;
		};
/* End PBXSourcesBuildPhase section */

/* Begin PBXTargetDependency section */
		218487621F054C3E009EE112 /* PBXTargetDependency */ = {
			isa = PBXTargetDependency;
			target = 218487051F04642C009EE112 /* Contrast */;
			targetProxy = 218487611F054C3E009EE112 /* PBXContainerItemProxy */;
		};
/* End PBXTargetDependency section */

/* Begin PBXVariantGroup section */
		2184873E1F05473F009EE112 /* Main.storyboard */ = {
			isa = PBXVariantGroup;
			children = (
				2184873F1F05473F009EE112 /* Base */,
			);
			name = Main.storyboard;
			sourceTree = "<group>";
		};
/* End PBXVariantGroup section */

/* Begin XCBuildConfiguration section */
		218487131F04642C009EE112 /* Debug */ = {
			isa = XCBuildConfiguration;
			buildSettings = {
				ALWAYS_SEARCH_USER_PATHS = NO;
				CLANG_ANALYZER_NONNULL = YES;
				CLANG_ANALYZER_NUMBER_OBJECT_CONVERSION = YES_AGGRESSIVE;
				CLANG_CXX_LANGUAGE_STANDARD = "gnu++0x";
				CLANG_CXX_LIBRARY = "libc++";
				CLANG_ENABLE_MODULES = YES;
				CLANG_ENABLE_OBJC_ARC = YES;
				CLANG_WARN_BLOCK_CAPTURE_AUTORELEASING = YES;
				CLANG_WARN_BOOL_CONVERSION = YES;
				CLANG_WARN_COMMA = YES;
				CLANG_WARN_CONSTANT_CONVERSION = YES;
				CLANG_WARN_DIRECT_OBJC_ISA_USAGE = YES_ERROR;
				CLANG_WARN_DOCUMENTATION_COMMENTS = YES;
				CLANG_WARN_EMPTY_BODY = YES;
				CLANG_WARN_ENUM_CONVERSION = YES;
				CLANG_WARN_INFINITE_RECURSION = YES;
				CLANG_WARN_INT_CONVERSION = YES;
				CLANG_WARN_NON_LITERAL_NULL_CONVERSION = YES;
				CLANG_WARN_OBJC_LITERAL_CONVERSION = YES;
				CLANG_WARN_OBJC_ROOT_CLASS = YES_ERROR;
				CLANG_WARN_RANGE_LOOP_ANALYSIS = YES;
				CLANG_WARN_STRICT_PROTOTYPES = YES;
				CLANG_WARN_SUSPICIOUS_MOVE = YES;
				CLANG_WARN_UNREACHABLE_CODE = YES;
				CLANG_WARN__DUPLICATE_METHOD_MATCH = YES;
				CODE_SIGN_IDENTITY = "-";
				COPY_PHASE_STRIP = NO;
				DEBUG_INFORMATION_FORMAT = dwarf;
				ENABLE_STRICT_OBJC_MSGSEND = YES;
				ENABLE_TESTABILITY = YES;
				GCC_C_LANGUAGE_STANDARD = gnu99;
				GCC_DYNAMIC_NO_PIC = NO;
				GCC_NO_COMMON_BLOCKS = YES;
				GCC_OPTIMIZATION_LEVEL = 0;
				GCC_PREPROCESSOR_DEFINITIONS = (
					"DEBUG=1",
					"$(inherited)",
				);
				GCC_WARN_64_TO_32_BIT_CONVERSION = YES;
				GCC_WARN_ABOUT_RETURN_TYPE = YES_ERROR;
				GCC_WARN_UNDECLARED_SELECTOR = YES;
				GCC_WARN_UNINITIALIZED_AUTOS = YES_AGGRESSIVE;
				GCC_WARN_UNUSED_FUNCTION = YES;
				GCC_WARN_UNUSED_VARIABLE = YES;
				MACOSX_DEPLOYMENT_TARGET = 10.12;
				MTL_ENABLE_DEBUG_INFO = YES;
				ONLY_ACTIVE_ARCH = YES;
				SDKROOT = macosx;
				SWIFT_ACTIVE_COMPILATION_CONDITIONS = DEBUG;
				SWIFT_OPTIMIZATION_LEVEL = "-Onone";
			};
			name = Debug;
		};
		218487141F04642C009EE112 /* Release */ = {
			isa = XCBuildConfiguration;
			buildSettings = {
				ALWAYS_SEARCH_USER_PATHS = NO;
				CLANG_ANALYZER_NONNULL = YES;
				CLANG_ANALYZER_NUMBER_OBJECT_CONVERSION = YES_AGGRESSIVE;
				CLANG_CXX_LANGUAGE_STANDARD = "gnu++0x";
				CLANG_CXX_LIBRARY = "libc++";
				CLANG_ENABLE_MODULES = YES;
				CLANG_ENABLE_OBJC_ARC = YES;
				CLANG_WARN_BLOCK_CAPTURE_AUTORELEASING = YES;
				CLANG_WARN_BOOL_CONVERSION = YES;
				CLANG_WARN_COMMA = YES;
				CLANG_WARN_CONSTANT_CONVERSION = YES;
				CLANG_WARN_DIRECT_OBJC_ISA_USAGE = YES_ERROR;
				CLANG_WARN_DOCUMENTATION_COMMENTS = YES;
				CLANG_WARN_EMPTY_BODY = YES;
				CLANG_WARN_ENUM_CONVERSION = YES;
				CLANG_WARN_INFINITE_RECURSION = YES;
				CLANG_WARN_INT_CONVERSION = YES;
				CLANG_WARN_NON_LITERAL_NULL_CONVERSION = YES;
				CLANG_WARN_OBJC_LITERAL_CONVERSION = YES;
				CLANG_WARN_OBJC_ROOT_CLASS = YES_ERROR;
				CLANG_WARN_RANGE_LOOP_ANALYSIS = YES;
				CLANG_WARN_STRICT_PROTOTYPES = YES;
				CLANG_WARN_SUSPICIOUS_MOVE = YES;
				CLANG_WARN_UNREACHABLE_CODE = YES;
				CLANG_WARN__DUPLICATE_METHOD_MATCH = YES;
				CODE_SIGN_IDENTITY = "-";
				COPY_PHASE_STRIP = NO;
				DEBUG_INFORMATION_FORMAT = "dwarf-with-dsym";
				ENABLE_NS_ASSERTIONS = NO;
				ENABLE_STRICT_OBJC_MSGSEND = YES;
				GCC_C_LANGUAGE_STANDARD = gnu99;
				GCC_NO_COMMON_BLOCKS = YES;
				GCC_WARN_64_TO_32_BIT_CONVERSION = YES;
				GCC_WARN_ABOUT_RETURN_TYPE = YES_ERROR;
				GCC_WARN_UNDECLARED_SELECTOR = YES;
				GCC_WARN_UNINITIALIZED_AUTOS = YES_AGGRESSIVE;
				GCC_WARN_UNUSED_FUNCTION = YES;
				GCC_WARN_UNUSED_VARIABLE = YES;
				MACOSX_DEPLOYMENT_TARGET = 10.12;
				MTL_ENABLE_DEBUG_INFO = NO;
				SDKROOT = macosx;
				SWIFT_OPTIMIZATION_LEVEL = "-Owholemodule";
			};
			name = Release;
		};
		218487161F04642C009EE112 /* Debug */ = {
			isa = XCBuildConfiguration;
			buildSettings = {
				ASSETCATALOG_COMPILER_APPICON_NAME = AppIcon;
				CODE_SIGN_IDENTITY = "Mac Developer";
				COMBINE_HIDPI_IMAGES = YES;
				DEVELOPMENT_TEAM = "";
				INFOPLIST_FILE = "$(SRCROOT)/Contrast/Support/Info.plist";
				LD_RUNPATH_SEARCH_PATHS = "$(inherited) @executable_path/../Frameworks";
				PRODUCT_BUNDLE_IDENTIFIER = com.nothingmagical.Contrast;
				PRODUCT_NAME = "$(TARGET_NAME)";
				PROVISIONING_PROFILE_SPECIFIER = "";
				SWIFT_VERSION = 3.0;
			};
			name = Debug;
		};
		218487171F04642C009EE112 /* Release */ = {
			isa = XCBuildConfiguration;
			buildSettings = {
				ASSETCATALOG_COMPILER_APPICON_NAME = AppIcon;
				CODE_SIGN_IDENTITY = "Mac Developer";
				COMBINE_HIDPI_IMAGES = YES;
				DEVELOPMENT_TEAM = "";
				INFOPLIST_FILE = "$(SRCROOT)/Contrast/Support/Info.plist";
				LD_RUNPATH_SEARCH_PATHS = "$(inherited) @executable_path/../Frameworks";
				PRODUCT_BUNDLE_IDENTIFIER = com.nothingmagical.Contrast;
				PRODUCT_NAME = "$(TARGET_NAME)";
				PROVISIONING_PROFILE_SPECIFIER = "";
				SWIFT_VERSION = 3.0;
			};
			name = Release;
		};
		218487641F054C3E009EE112 /* Debug */ = {
			isa = XCBuildConfiguration;
			buildSettings = {
				BUNDLE_LOADER = "$(TEST_HOST)";
				COMBINE_HIDPI_IMAGES = YES;
				DEVELOPMENT_TEAM = UP9C8XM22A;
				INFOPLIST_FILE = "Contrast/Support/Tests-Info.plist";
				LD_RUNPATH_SEARCH_PATHS = "$(inherited) @executable_path/../Frameworks @loader_path/../Frameworks";
				PRODUCT_BUNDLE_IDENTIFIER = com.nothingmagical.ContrastTests;
				PRODUCT_NAME = "$(TARGET_NAME)";
				SWIFT_VERSION = 3.0;
				TEST_HOST = "$(BUILT_PRODUCTS_DIR)/Contrast.app/Contents/MacOS/Contrast";
			};
			name = Debug;
		};
		218487651F054C3E009EE112 /* Release */ = {
			isa = XCBuildConfiguration;
			buildSettings = {
				BUNDLE_LOADER = "$(TEST_HOST)";
				COMBINE_HIDPI_IMAGES = YES;
				DEVELOPMENT_TEAM = UP9C8XM22A;
				INFOPLIST_FILE = "Contrast/Support/Tests-Info.plist";
				LD_RUNPATH_SEARCH_PATHS = "$(inherited) @executable_path/../Frameworks @loader_path/../Frameworks";
				PRODUCT_BUNDLE_IDENTIFIER = com.nothingmagical.ContrastTests;
				PRODUCT_NAME = "$(TARGET_NAME)";
				SWIFT_VERSION = 3.0;
				TEST_HOST = "$(BUILT_PRODUCTS_DIR)/Contrast.app/Contents/MacOS/Contrast";
			};
			name = Release;
		};
/* End XCBuildConfiguration section */

/* Begin XCConfigurationList section */
		218487011F04642C009EE112 /* Build configuration list for PBXProject "Contrast" */ = {
			isa = XCConfigurationList;
			buildConfigurations = (
				218487131F04642C009EE112 /* Debug */,
				218487141F04642C009EE112 /* Release */,
			);
			defaultConfigurationIsVisible = 0;
			defaultConfigurationName = Release;
		};
		218487151F04642C009EE112 /* Build configuration list for PBXNativeTarget "Contrast" */ = {
			isa = XCConfigurationList;
			buildConfigurations = (
				218487161F04642C009EE112 /* Debug */,
				218487171F04642C009EE112 /* Release */,
			);
			defaultConfigurationIsVisible = 0;
			defaultConfigurationName = Release;
		};
		218487631F054C3E009EE112 /* Build configuration list for PBXNativeTarget "ContrastTests" */ = {
			isa = XCConfigurationList;
			buildConfigurations = (
				218487641F054C3E009EE112 /* Debug */,
				218487651F054C3E009EE112 /* Release */,
			);
			defaultConfigurationIsVisible = 0;
			defaultConfigurationName = Release;
		};
/* End XCConfigurationList section */
	};
	rootObject = 218486FE1F04642C009EE112 /* Project object */;
}
