// !$*UTF8*$!
{
	archiveVersion = 1;
	classes = {
	};
	objectVersion = 46;
	objects = {

/* Begin PBXBuildFile section */
		21017DE31F0C89DB00D94400 /* HexFormatter.swift in Sources */ = {isa = PBXBuildFile; fileRef = 21017DE21F0C89DB00D94400 /* HexFormatter.swift */; };
		21073F3E1F317178008E8748 /* Window.swift in Sources */ = {isa = PBXBuildFile; fileRef = 21073F3D1F317178008E8748 /* Window.swift */; };
		210C71C31F1EA2B500A1B983 /* Color.framework in Frameworks */ = {isa = PBXBuildFile; fileRef = 210C71C21F1EA2B500A1B983 /* Color.framework */; };
		210C71C41F1EA2BD00A1B983 /* Color.framework in Embed Frameworks */ = {isa = PBXBuildFile; fileRef = 210C71C21F1EA2B500A1B983 /* Color.framework */; settings = {ATTRIBUTES = (CodeSignOnCopy, RemoveHeadersOnCopy, ); }; };
		210FFF2F1F1C3B21004E9861 /* MenuController.swift in Sources */ = {isa = PBXBuildFile; fileRef = 210FFF2E1F1C3B21004E9861 /* MenuController.swift */; };
		211238301F17CF2E00A837D4 /* Mixpanel.framework in Frameworks */ = {isa = PBXBuildFile; fileRef = 2112382E1F17CF2E00A837D4 /* Mixpanel.framework */; };
		211238321F17CF3E00A837D4 /* Mixpanel.framework in Embed Frameworks */ = {isa = PBXBuildFile; fileRef = 2112382E1F17CF2E00A837D4 /* Mixpanel.framework */; settings = {ATTRIBUTES = (CodeSignOnCopy, RemoveHeadersOnCopy, ); }; };
		211238341F17CF7E00A837D4 /* Secrets.swift in Sources */ = {isa = PBXBuildFile; fileRef = 211238331F17CF7E00A837D4 /* Secrets.swift */; };
		211238361F17CF9B00A837D4 /* Mixpanel.swift in Sources */ = {isa = PBXBuildFile; fileRef = 211238351F17CF9B00A837D4 /* Mixpanel.swift */; };
		2112383A1F17D82000A837D4 /* ColorsController.swift in Sources */ = {isa = PBXBuildFile; fileRef = 211238391F17D82000A837D4 /* ColorsController.swift */; };
		2112383C1F17DD2400A837D4 /* Preferences.swift in Sources */ = {isa = PBXBuildFile; fileRef = 2112383B1F17DD2400A837D4 /* Preferences.swift */; };
		211E2B391F0B46D400757881 /* HexColor.swift in Sources */ = {isa = PBXBuildFile; fileRef = 211E2B381F0B46D400757881 /* HexColor.swift */; };
		21616E681F058A220095EFAC /* NSImage+Tint.swift in Sources */ = {isa = PBXBuildFile; fileRef = 21616E671F058A220095EFAC /* NSImage+Tint.swift */; };
		21758ECB1F09E579006FA782 /* CloseButton.swift in Sources */ = {isa = PBXBuildFile; fileRef = 21758ECA1F09E579006FA782 /* CloseButton.swift */; };
		218487431F05473F009EE112 /* AppDelegate.swift in Sources */ = {isa = PBXBuildFile; fileRef = 218487331F05473F009EE112 /* AppDelegate.swift */; };
		218487441F05473F009EE112 /* EyeDropperController.swift in Sources */ = {isa = PBXBuildFile; fileRef = 218487341F05473F009EE112 /* EyeDropperController.swift */; };
		218487451F05473F009EE112 /* EyeDropperWindow.swift in Sources */ = {isa = PBXBuildFile; fileRef = 218487351F05473F009EE112 /* EyeDropperWindow.swift */; };
		218487461F05473F009EE112 /* GridView.swift in Sources */ = {isa = PBXBuildFile; fileRef = 218487361F05473F009EE112 /* GridView.swift */; };
		218487471F05473F009EE112 /* MenuBarController.swift in Sources */ = {isa = PBXBuildFile; fileRef = 218487371F05473F009EE112 /* MenuBarController.swift */; };
		2184874B1F05473F009EE112 /* ColorsViewController.swift in Sources */ = {isa = PBXBuildFile; fileRef = 2184873B1F05473F009EE112 /* ColorsViewController.swift */; };
		2184874C1F05473F009EE112 /* Assets.xcassets in Resources */ = {isa = PBXBuildFile; fileRef = 2184873D1F05473F009EE112 /* Assets.xcassets */; };
		2184874D1F05473F009EE112 /* Main.storyboard in Resources */ = {isa = PBXBuildFile; fileRef = 2184873E1F05473F009EE112 /* Main.storyboard */; };
		218487931F055B21009EE112 /* ColorInput.swift in Sources */ = {isa = PBXBuildFile; fileRef = 218487921F055B21009EE112 /* ColorInput.swift */; };
		218487951F055B42009EE112 /* TextField.swift in Sources */ = {isa = PBXBuildFile; fileRef = 218487941F055B42009EE112 /* TextField.swift */; };
		218487971F055B81009EE112 /* Button.swift in Sources */ = {isa = PBXBuildFile; fileRef = 218487961F055B81009EE112 /* Button.swift */; };
		218487991F055D10009EE112 /* Theme.swift in Sources */ = {isa = PBXBuildFile; fileRef = 218487981F055D10009EE112 /* Theme.swift */; };
		2184879B1F055D49009EE112 /* Label.swift in Sources */ = {isa = PBXBuildFile; fileRef = 2184879A1F055D49009EE112 /* Label.swift */; };
		21887E9B1F222F4400A05579 /* HotKey.framework in Frameworks */ = {isa = PBXBuildFile; fileRef = 21887E9A1F222F4400A05579 /* HotKey.framework */; };
		21887E9C1F222F7700A05579 /* HotKey.framework in Embed Frameworks */ = {isa = PBXBuildFile; fileRef = 21887E9A1F222F4400A05579 /* HotKey.framework */; settings = {ATTRIBUTES = (CodeSignOnCopy, RemoveHeadersOnCopy, ); }; };
		21887E9F1F2234D900A05579 /* Preferences.xib in Resources */ = {isa = PBXBuildFile; fileRef = 21887E9D1F2234D900A05579 /* Preferences.xib */; };
		21887EA11F22B97F00A05579 /* PreferencesWindowController.swift in Sources */ = {isa = PBXBuildFile; fileRef = 21887EA01F22B97F00A05579 /* PreferencesWindowController.swift */; };
		21887EA31F22CDEE00A05579 /* PreferencesWindow.swift in Sources */ = {isa = PBXBuildFile; fileRef = 21887EA21F22CDEE00A05579 /* PreferencesWindow.swift */; };
		21887FE11F22D09300A05579 /* ShortcutRecorder.framework in Frameworks */ = {isa = PBXBuildFile; fileRef = 21887FDA1F22D07B00A05579 /* ShortcutRecorder.framework */; };
		21887FE21F22D09600A05579 /* ShortcutRecorder.framework in Embed Frameworks */ = {isa = PBXBuildFile; fileRef = 21887FDA1F22D07B00A05579 /* ShortcutRecorder.framework */; settings = {ATTRIBUTES = (CodeSignOnCopy, RemoveHeadersOnCopy, ); }; };
		21887FE41F22D4E700A05579 /* HotKeysController.swift in Sources */ = {isa = PBXBuildFile; fileRef = 21887FE31F22D4E700A05579 /* HotKeysController.swift */; };
		21887FE61F22DC8400A05579 /* KeyCombo+Contrast.swift in Sources */ = {isa = PBXBuildFile; fileRef = 21887FE51F22DC8400A05579 /* KeyCombo+Contrast.swift */; };
		2190AEAC1F08763800912B37 /* EyeDropperView.swift in Sources */ = {isa = PBXBuildFile; fileRef = 2190AEAB1F08763800912B37 /* EyeDropperView.swift */; };
		2190AEB31F09226200912B37 /* PopoverController.swift in Sources */ = {isa = PBXBuildFile; fileRef = 2190AEB21F09226200912B37 /* PopoverController.swift */; };
		21A922F01F1975FB0072480C /* WelcomeViewController.swift in Sources */ = {isa = PBXBuildFile; fileRef = 21A922EF1F1975FB0072480C /* WelcomeViewController.swift */; };
		21A922F21F198BAD0072480C /* WelcomeButton.swift in Sources */ = {isa = PBXBuildFile; fileRef = 21A922F11F198BAD0072480C /* WelcomeButton.swift */; };
		21D0DA7A1F0D7E6400632FF5 /* LoupeView.swift in Sources */ = {isa = PBXBuildFile; fileRef = 21D0DA791F0D7E6400632FF5 /* LoupeView.swift */; };
		21D0DA7C1F0D844C00632FF5 /* Screenshot.swift in Sources */ = {isa = PBXBuildFile; fileRef = 21D0DA7B1F0D844C00632FF5 /* Screenshot.swift */; };
		21D0DA7E1F0D88E700632FF5 /* NSFont+Contrast.swift in Sources */ = {isa = PBXBuildFile; fileRef = 21D0DA7D1F0D88E700632FF5 /* NSFont+Contrast.swift */; };
		21D0DA831F0D896F00632FF5 /* click_snap.wav in Resources */ = {isa = PBXBuildFile; fileRef = 21D0DA801F0D896F00632FF5 /* click_snap.wav */; };
		21D0DA841F0D896F00632FF5 /* click_tiny.wav in Resources */ = {isa = PBXBuildFile; fileRef = 21D0DA811F0D896F00632FF5 /* click_tiny.wav */; };
		21D0DA851F0D896F00632FF5 /* slide_left.wav in Resources */ = {isa = PBXBuildFile; fileRef = 21D0DA821F0D896F00632FF5 /* slide_left.wav */; };
		21D0DA871F0D8A2000632FF5 /* NSSound+Contrast.swift in Sources */ = {isa = PBXBuildFile; fileRef = 21D0DA861F0D8A2000632FF5 /* NSSound+Contrast.swift */; };
		21D0DA8B1F0D8E6900632FF5 /* click_type.wav in Resources */ = {isa = PBXBuildFile; fileRef = 21D0DA8A1F0D8E6900632FF5 /* click_type.wav */; };
		21DF06501F0931BB00A5F9C0 /* PlainButton.swift in Sources */ = {isa = PBXBuildFile; fileRef = 21DF064F1F0931BB00A5F9C0 /* PlainButton.swift */; };
		21E685451F05E0ED00471E6C /* Native-Regular.ttf in Resources */ = {isa = PBXBuildFile; fileRef = 21E685441F05E0ED00471E6C /* Native-Regular.ttf */; };
/* End PBXBuildFile section */

/* Begin PBXContainerItemProxy section */
		21887FD91F22D07B00A05579 /* PBXContainerItemProxy */ = {
			isa = PBXContainerItemProxy;
			containerPortal = 21887F571F22D07A00A05579 /* ShortcutRecorder.xcodeproj */;
			proxyType = 2;
			remoteGlobalIDString = 939837800DA42965007F53F3;
			remoteInfo = ShortcutRecorder.framework;
		};
		21887FDB1F22D07B00A05579 /* PBXContainerItemProxy */ = {
			isa = PBXContainerItemProxy;
			containerPortal = 21887F571F22D07A00A05579 /* ShortcutRecorder.xcodeproj */;
			proxyType = 2;
			remoteGlobalIDString = E273122E1349EC9000A84433;
			remoteInfo = PTHotKey.framework;
		};
		21887FDD1F22D07B00A05579 /* PBXContainerItemProxy */ = {
			isa = PBXContainerItemProxy;
			containerPortal = 21887F571F22D07A00A05579 /* ShortcutRecorder.xcodeproj */;
			proxyType = 2;
			remoteGlobalIDString = 0D6B2468180304DE00CE1142;
			remoteInfo = Demo;
		};
		21887FDF1F22D08A00A05579 /* PBXContainerItemProxy */ = {
			isa = PBXContainerItemProxy;
			containerPortal = 21887F571F22D07A00A05579 /* ShortcutRecorder.xcodeproj */;
			proxyType = 1;
			remoteGlobalIDString = 9398377F0DA42965007F53F3;
			remoteInfo = ShortcutRecorder.framework;
		};
/* End PBXContainerItemProxy section */

/* Begin PBXCopyFilesBuildPhase section */
		2184878E1F055827009EE112 /* Embed Frameworks */ = {
			isa = PBXCopyFilesBuildPhase;
			buildActionMask = 2147483647;
			dstPath = "";
			dstSubfolderSpec = 10;
			files = (
				211238321F17CF3E00A837D4 /* Mixpanel.framework in Embed Frameworks */,
				210C71C41F1EA2BD00A1B983 /* Color.framework in Embed Frameworks */,
				21887E9C1F222F7700A05579 /* HotKey.framework in Embed Frameworks */,
				21887FE21F22D09600A05579 /* ShortcutRecorder.framework in Embed Frameworks */,
			);
			name = "Embed Frameworks";
			runOnlyForDeploymentPostprocessing = 0;
		};
		21968AC41F10663C00FB373F /* Embed Command Line Tool */ = {
			isa = PBXCopyFilesBuildPhase;
			buildActionMask = 2147483647;
			dstPath = "";
			dstSubfolderSpec = 12;
			files = (
			);
			name = "Embed Command Line Tool";
			runOnlyForDeploymentPostprocessing = 0;
		};
/* End PBXCopyFilesBuildPhase section */

/* Begin PBXFileReference section */
		21017DE21F0C89DB00D94400 /* HexFormatter.swift */ = {isa = PBXFileReference; fileEncoding = 4; lastKnownFileType = sourcecode.swift; path = HexFormatter.swift; sourceTree = "<group>"; };
		21073F3D1F317178008E8748 /* Window.swift */ = {isa = PBXFileReference; fileEncoding = 4; lastKnownFileType = sourcecode.swift; path = Window.swift; sourceTree = "<group>"; };
		210C71C21F1EA2B500A1B983 /* Color.framework */ = {isa = PBXFileReference; lastKnownFileType = wrapper.framework; path = Color.framework; sourceTree = "<group>"; };
		210FFF2E1F1C3B21004E9861 /* MenuController.swift */ = {isa = PBXFileReference; fileEncoding = 4; lastKnownFileType = sourcecode.swift; path = MenuController.swift; sourceTree = "<group>"; };
		211238261F17BC8700A837D4 /* Contrast.entitlements */ = {isa = PBXFileReference; fileEncoding = 4; lastKnownFileType = text.plist.entitlements; path = Contrast.entitlements; sourceTree = "<group>"; };
		2112382E1F17CF2E00A837D4 /* Mixpanel.framework */ = {isa = PBXFileReference; lastKnownFileType = wrapper.framework; path = Mixpanel.framework; sourceTree = "<group>"; };
		211238331F17CF7E00A837D4 /* Secrets.swift */ = {isa = PBXFileReference; fileEncoding = 4; lastKnownFileType = sourcecode.swift; path = Secrets.swift; sourceTree = "<group>"; };
		211238351F17CF9B00A837D4 /* Mixpanel.swift */ = {isa = PBXFileReference; fileEncoding = 4; lastKnownFileType = sourcecode.swift; path = Mixpanel.swift; sourceTree = "<group>"; };
		211238391F17D82000A837D4 /* ColorsController.swift */ = {isa = PBXFileReference; fileEncoding = 4; lastKnownFileType = sourcecode.swift; path = ColorsController.swift; sourceTree = "<group>"; };
		2112383B1F17DD2400A837D4 /* Preferences.swift */ = {isa = PBXFileReference; fileEncoding = 4; lastKnownFileType = sourcecode.swift; path = Preferences.swift; sourceTree = "<group>"; };
		211E2B381F0B46D400757881 /* HexColor.swift */ = {isa = PBXFileReference; fileEncoding = 4; lastKnownFileType = sourcecode.swift; path = HexColor.swift; sourceTree = "<group>"; };
		21616E671F058A220095EFAC /* NSImage+Tint.swift */ = {isa = PBXFileReference; fileEncoding = 4; lastKnownFileType = sourcecode.swift; path = "NSImage+Tint.swift"; sourceTree = "<group>"; };
		21758ECA1F09E579006FA782 /* CloseButton.swift */ = {isa = PBXFileReference; fileEncoding = 4; lastKnownFileType = sourcecode.swift; path = CloseButton.swift; sourceTree = "<group>"; };
		218487061F04642C009EE112 /* Contrast.app */ = {isa = PBXFileReference; explicitFileType = wrapper.application; includeInIndex = 0; path = Contrast.app; sourceTree = BUILT_PRODUCTS_DIR; };
		218487331F05473F009EE112 /* AppDelegate.swift */ = {isa = PBXFileReference; fileEncoding = 4; lastKnownFileType = sourcecode.swift; path = AppDelegate.swift; sourceTree = "<group>"; };
		218487341F05473F009EE112 /* EyeDropperController.swift */ = {isa = PBXFileReference; fileEncoding = 4; lastKnownFileType = sourcecode.swift; path = EyeDropperController.swift; sourceTree = "<group>"; };
		218487351F05473F009EE112 /* EyeDropperWindow.swift */ = {isa = PBXFileReference; fileEncoding = 4; lastKnownFileType = sourcecode.swift; path = EyeDropperWindow.swift; sourceTree = "<group>"; };
		218487361F05473F009EE112 /* GridView.swift */ = {isa = PBXFileReference; fileEncoding = 4; lastKnownFileType = sourcecode.swift; path = GridView.swift; sourceTree = "<group>"; };
		218487371F05473F009EE112 /* MenuBarController.swift */ = {isa = PBXFileReference; fileEncoding = 4; lastKnownFileType = sourcecode.swift; path = MenuBarController.swift; sourceTree = "<group>"; };
		2184873B1F05473F009EE112 /* ColorsViewController.swift */ = {isa = PBXFileReference; fileEncoding = 4; lastKnownFileType = sourcecode.swift; path = ColorsViewController.swift; sourceTree = "<group>"; };
		2184873D1F05473F009EE112 /* Assets.xcassets */ = {isa = PBXFileReference; lastKnownFileType = folder.assetcatalog; path = Assets.xcassets; sourceTree = "<group>"; };
		2184873F1F05473F009EE112 /* Base */ = {isa = PBXFileReference; lastKnownFileType = file.storyboard; name = Base; path = Base.lproj/Main.storyboard; sourceTree = "<group>"; };
		218487421F05473F009EE112 /* Info.plist */ = {isa = PBXFileReference; fileEncoding = 4; lastKnownFileType = text.plist.xml; path = Info.plist; sourceTree = "<group>"; };
		2184876D1F054CA2009EE112 /* ColorTests.swift */ = {isa = PBXFileReference; fileEncoding = 4; lastKnownFileType = sourcecode.swift; path = ColorTests.swift; sourceTree = "<group>"; };
		218487921F055B21009EE112 /* ColorInput.swift */ = {isa = PBXFileReference; fileEncoding = 4; lastKnownFileType = sourcecode.swift; path = ColorInput.swift; sourceTree = "<group>"; };
		218487941F055B42009EE112 /* TextField.swift */ = {isa = PBXFileReference; fileEncoding = 4; lastKnownFileType = sourcecode.swift; path = TextField.swift; sourceTree = "<group>"; };
		218487961F055B81009EE112 /* Button.swift */ = {isa = PBXFileReference; fileEncoding = 4; lastKnownFileType = sourcecode.swift; path = Button.swift; sourceTree = "<group>"; };
		218487981F055D10009EE112 /* Theme.swift */ = {isa = PBXFileReference; fileEncoding = 4; lastKnownFileType = sourcecode.swift; path = Theme.swift; sourceTree = "<group>"; };
		2184879A1F055D49009EE112 /* Label.swift */ = {isa = PBXFileReference; fileEncoding = 4; lastKnownFileType = sourcecode.swift; path = Label.swift; sourceTree = "<group>"; };
		21887E9A1F222F4400A05579 /* HotKey.framework */ = {isa = PBXFileReference; lastKnownFileType = wrapper.framework; path = HotKey.framework; sourceTree = "<group>"; };
		21887E9E1F2234D900A05579 /* Base */ = {isa = PBXFileReference; lastKnownFileType = file.xib; name = Base; path = Base.lproj/Preferences.xib; sourceTree = "<group>"; };
		21887EA01F22B97F00A05579 /* PreferencesWindowController.swift */ = {isa = PBXFileReference; fileEncoding = 4; lastKnownFileType = sourcecode.swift; path = PreferencesWindowController.swift; sourceTree = "<group>"; };
		21887EA21F22CDEE00A05579 /* PreferencesWindow.swift */ = {isa = PBXFileReference; fileEncoding = 4; lastKnownFileType = sourcecode.swift; path = PreferencesWindow.swift; sourceTree = "<group>"; };
		21887F571F22D07A00A05579 /* ShortcutRecorder.xcodeproj */ = {isa = PBXFileReference; lastKnownFileType = "wrapper.pb-project"; path = ShortcutRecorder.xcodeproj; sourceTree = "<group>"; };
		21887FE31F22D4E700A05579 /* HotKeysController.swift */ = {isa = PBXFileReference; fileEncoding = 4; lastKnownFileType = sourcecode.swift; path = HotKeysController.swift; sourceTree = "<group>"; };
		21887FE51F22DC8400A05579 /* KeyCombo+Contrast.swift */ = {isa = PBXFileReference; fileEncoding = 4; lastKnownFileType = sourcecode.swift; path = "KeyCombo+Contrast.swift"; sourceTree = "<group>"; };
		2190AEAB1F08763800912B37 /* EyeDropperView.swift */ = {isa = PBXFileReference; fileEncoding = 4; lastKnownFileType = sourcecode.swift; path = EyeDropperView.swift; sourceTree = "<group>"; };
		2190AEB21F09226200912B37 /* PopoverController.swift */ = {isa = PBXFileReference; fileEncoding = 4; lastKnownFileType = sourcecode.swift; path = PopoverController.swift; sourceTree = "<group>"; };
		21A922EF1F1975FB0072480C /* WelcomeViewController.swift */ = {isa = PBXFileReference; fileEncoding = 4; lastKnownFileType = sourcecode.swift; path = WelcomeViewController.swift; sourceTree = "<group>"; };
		21A922F11F198BAD0072480C /* WelcomeButton.swift */ = {isa = PBXFileReference; fileEncoding = 4; lastKnownFileType = sourcecode.swift; path = WelcomeButton.swift; sourceTree = "<group>"; };
		21D0DA791F0D7E6400632FF5 /* LoupeView.swift */ = {isa = PBXFileReference; fileEncoding = 4; lastKnownFileType = sourcecode.swift; path = LoupeView.swift; sourceTree = "<group>"; };
		21D0DA7B1F0D844C00632FF5 /* Screenshot.swift */ = {isa = PBXFileReference; fileEncoding = 4; lastKnownFileType = sourcecode.swift; path = Screenshot.swift; sourceTree = "<group>"; };
		21D0DA7D1F0D88E700632FF5 /* NSFont+Contrast.swift */ = {isa = PBXFileReference; fileEncoding = 4; lastKnownFileType = sourcecode.swift; path = "NSFont+Contrast.swift"; sourceTree = "<group>"; };
		21D0DA801F0D896F00632FF5 /* click_snap.wav */ = {isa = PBXFileReference; lastKnownFileType = audio.wav; path = click_snap.wav; sourceTree = "<group>"; };
		21D0DA811F0D896F00632FF5 /* click_tiny.wav */ = {isa = PBXFileReference; lastKnownFileType = audio.wav; path = click_tiny.wav; sourceTree = "<group>"; };
		21D0DA821F0D896F00632FF5 /* slide_left.wav */ = {isa = PBXFileReference; lastKnownFileType = audio.wav; path = slide_left.wav; sourceTree = "<group>"; };
		21D0DA861F0D8A2000632FF5 /* NSSound+Contrast.swift */ = {isa = PBXFileReference; fileEncoding = 4; lastKnownFileType = sourcecode.swift; path = "NSSound+Contrast.swift"; sourceTree = "<group>"; };
		21D0DA8A1F0D8E6900632FF5 /* click_type.wav */ = {isa = PBXFileReference; lastKnownFileType = audio.wav; path = click_type.wav; sourceTree = "<group>"; };
		21DF064F1F0931BB00A5F9C0 /* PlainButton.swift */ = {isa = PBXFileReference; lastKnownFileType = sourcecode.swift; path = PlainButton.swift; sourceTree = "<group>"; };
		21E685441F05E0ED00471E6C /* Native-Regular.ttf */ = {isa = PBXFileReference; lastKnownFileType = file; path = "Native-Regular.ttf"; sourceTree = "<group>"; };
/* End PBXFileReference section */

/* Begin PBXFrameworksBuildPhase section */
		218487031F04642C009EE112 /* Frameworks */ = {
			isa = PBXFrameworksBuildPhase;
			buildActionMask = 2147483647;
			files = (
				21887E9B1F222F4400A05579 /* HotKey.framework in Frameworks */,
				210C71C31F1EA2B500A1B983 /* Color.framework in Frameworks */,
				211238301F17CF2E00A837D4 /* Mixpanel.framework in Frameworks */,
				21887FE11F22D09300A05579 /* ShortcutRecorder.framework in Frameworks */,
			);
			runOnlyForDeploymentPostprocessing = 0;
		};
/* End PBXFrameworksBuildPhase section */

/* Begin PBXGroup section */
		2112382D1F17CF2E00A837D4 /* Frameworks */ = {
			isa = PBXGroup;
			children = (
				21887E9A1F222F4400A05579 /* HotKey.framework */,
				210C71C21F1EA2B500A1B983 /* Color.framework */,
				2112382E1F17CF2E00A837D4 /* Mixpanel.framework */,
			);
			name = Frameworks;
			path = Carthage/Build/Mac;
			sourceTree = "<group>";
		};
		218486FD1F04642C009EE112 = {
			isa = PBXGroup;
			children = (
				218487081F04642C009EE112 /* Contrast */,
				21887EA41F22D07A00A05579 /* Vendor */,
				2112382D1F17CF2E00A837D4 /* Frameworks */,
				218487071F04642C009EE112 /* Products */,
			);
			sourceTree = "<group>";
		};
		218487071F04642C009EE112 /* Products */ = {
			isa = PBXGroup;
			children = (
				218487061F04642C009EE112 /* Contrast.app */,
			);
			name = Products;
			sourceTree = "<group>";
		};
		218487081F04642C009EE112 /* Contrast */ = {
			isa = PBXGroup;
			children = (
				218487321F05473F009EE112 /* Sources */,
				2184873C1F05473F009EE112 /* Support */,
				2184876C1F054CA2009EE112 /* Tests */,
			);
			path = Contrast;
			sourceTree = "<group>";
		};
		218487321F05473F009EE112 /* Sources */ = {
			isa = PBXGroup;
			children = (
				218487561F0549F0009EE112 /* Application */,
				218487571F0549F4009EE112 /* Controllers */,
				2190AEB11F0876D300912B37 /* View Controllers */,
				218487501F0547AD009EE112 /* Models */,
				2190AEAD1F08768000912B37 /* Views */,
				2190AEAF1F0876A100912B37 /* Windows */,
				2190AEB01F0876AF00912B37 /* Extensions */,
				21017DE21F0C89DB00D94400 /* HexFormatter.swift */,
				21887EA01F22B97F00A05579 /* PreferencesWindowController.swift */,
			);
			path = Sources;
			sourceTree = "<group>";
		};
		2184873C1F05473F009EE112 /* Support */ = {
			isa = PBXGroup;
			children = (
				21E685431F05E0ED00471E6C /* Fonts */,
				21D0DA7F1F0D896F00632FF5 /* Sounds */,
				2184873D1F05473F009EE112 /* Assets.xcassets */,
				2184873E1F05473F009EE112 /* Main.storyboard */,
				21887E9D1F2234D900A05579 /* Preferences.xib */,
				218487421F05473F009EE112 /* Info.plist */,
				211238261F17BC8700A837D4 /* Contrast.entitlements */,
			);
			path = Support;
			sourceTree = "<group>";
		};
		218487501F0547AD009EE112 /* Models */ = {
			isa = PBXGroup;
			children = (
				218487981F055D10009EE112 /* Theme.swift */,
				211E2B381F0B46D400757881 /* HexColor.swift */,
				21D0DA7B1F0D844C00632FF5 /* Screenshot.swift */,
			);
			name = Models;
			sourceTree = "<group>";
		};
		218487561F0549F0009EE112 /* Application */ = {
			isa = PBXGroup;
			children = (
				218487331F05473F009EE112 /* AppDelegate.swift */,
				211238331F17CF7E00A837D4 /* Secrets.swift */,
				211238351F17CF9B00A837D4 /* Mixpanel.swift */,
			);
			name = Application;
			sourceTree = "<group>";
		};
		218487571F0549F4009EE112 /* Controllers */ = {
			isa = PBXGroup;
			children = (
				218487371F05473F009EE112 /* MenuBarController.swift */,
				2190AEB21F09226200912B37 /* PopoverController.swift */,
				211238391F17D82000A837D4 /* ColorsController.swift */,
				2112383B1F17DD2400A837D4 /* Preferences.swift */,
				218487341F05473F009EE112 /* EyeDropperController.swift */,
				210FFF2E1F1C3B21004E9861 /* MenuController.swift */,
				21887FE31F22D4E700A05579 /* HotKeysController.swift */,
			);
			name = Controllers;
			sourceTree = "<group>";
		};
		2184876C1F054CA2009EE112 /* Tests */ = {
			isa = PBXGroup;
			children = (
				2184876D1F054CA2009EE112 /* ColorTests.swift */,
			);
			path = Tests;
			sourceTree = "<group>";
		};
		21887EA41F22D07A00A05579 /* Vendor */ = {
			isa = PBXGroup;
			children = (
				21887EA51F22D07A00A05579 /* ShortcutRecorder */,
			);
			path = Vendor;
			sourceTree = "<group>";
		};
		21887EA51F22D07A00A05579 /* ShortcutRecorder */ = {
			isa = PBXGroup;
			children = (
				21887F571F22D07A00A05579 /* ShortcutRecorder.xcodeproj */,
			);
			path = ShortcutRecorder;
			sourceTree = "<group>";
		};
		21887F581F22D07A00A05579 /* Products */ = {
			isa = PBXGroup;
			children = (
				21887FDA1F22D07B00A05579 /* ShortcutRecorder.framework */,
				21887FDC1F22D07B00A05579 /* PTHotKey.framework */,
				21887FDE1F22D07B00A05579 /* Demo.app */,
			);
			name = Products;
			sourceTree = "<group>";
		};
		2190AEAD1F08768000912B37 /* Views */ = {
			isa = PBXGroup;
			children = (
				2190AEAB1F08763800912B37 /* EyeDropperView.swift */,
				21D0DA791F0D7E6400632FF5 /* LoupeView.swift */,
				218487921F055B21009EE112 /* ColorInput.swift */,
				218487941F055B42009EE112 /* TextField.swift */,
				2184879A1F055D49009EE112 /* Label.swift */,
				218487961F055B81009EE112 /* Button.swift */,
				21DF064F1F0931BB00A5F9C0 /* PlainButton.swift */,
				218487361F05473F009EE112 /* GridView.swift */,
				21758ECA1F09E579006FA782 /* CloseButton.swift */,
				21A922F11F198BAD0072480C /* WelcomeButton.swift */,
			);
			name = Views;
			sourceTree = "<group>";
		};
		2190AEAF1F0876A100912B37 /* Windows */ = {
			isa = PBXGroup;
			children = (
				218487351F05473F009EE112 /* EyeDropperWindow.swift */,
				21073F3D1F317178008E8748 /* Window.swift */,
				21887EA21F22CDEE00A05579 /* PreferencesWindow.swift */,
			);
			name = Windows;
			sourceTree = "<group>";
		};
		2190AEB01F0876AF00912B37 /* Extensions */ = {
			isa = PBXGroup;
			children = (
				21616E671F058A220095EFAC /* NSImage+Tint.swift */,
				21D0DA7D1F0D88E700632FF5 /* NSFont+Contrast.swift */,
				21D0DA861F0D8A2000632FF5 /* NSSound+Contrast.swift */,
				21887FE51F22DC8400A05579 /* KeyCombo+Contrast.swift */,
			);
			name = Extensions;
			sourceTree = "<group>";
		};
		2190AEB11F0876D300912B37 /* View Controllers */ = {
			isa = PBXGroup;
			children = (
				2184873B1F05473F009EE112 /* ColorsViewController.swift */,
				21A922EF1F1975FB0072480C /* WelcomeViewController.swift */,
			);
			name = "View Controllers";
			sourceTree = "<group>";
		};
		21D0DA7F1F0D896F00632FF5 /* Sounds */ = {
			isa = PBXGroup;
			children = (
				21D0DA8A1F0D8E6900632FF5 /* click_type.wav */,
				21D0DA801F0D896F00632FF5 /* click_snap.wav */,
				21D0DA811F0D896F00632FF5 /* click_tiny.wav */,
				21D0DA821F0D896F00632FF5 /* slide_left.wav */,
			);
			path = Sounds;
			sourceTree = "<group>";
		};
		21E685431F05E0ED00471E6C /* Fonts */ = {
			isa = PBXGroup;
			children = (
				21E685441F05E0ED00471E6C /* Native-Regular.ttf */,
			);
			path = Fonts;
			sourceTree = "<group>";
		};
/* End PBXGroup section */

/* Begin PBXNativeTarget section */
		218487051F04642C009EE112 /* Contrast */ = {
			isa = PBXNativeTarget;
			buildConfigurationList = 218487151F04642C009EE112 /* Build configuration list for PBXNativeTarget "Contrast" */;
			buildPhases = (
				218487021F04642C009EE112 /* Sources */,
				218487031F04642C009EE112 /* Frameworks */,
				2112383D1F180BAA00A837D4 /* Swift Lint */,
				218487041F04642C009EE112 /* Resources */,
				2184878E1F055827009EE112 /* Embed Frameworks */,
				21968AC41F10663C00FB373F /* Embed Command Line Tool */,
				21E685461F05FB5E00471E6C /* Set Version */,
			);
			buildRules = (
			);
			dependencies = (
				21887FE01F22D08A00A05579 /* PBXTargetDependency */,
			);
			name = Contrast;
			productName = Contrast;
			productReference = 218487061F04642C009EE112 /* Contrast.app */;
			productType = "com.apple.product-type.application";
		};
/* End PBXNativeTarget section */

/* Begin PBXProject section */
		218486FE1F04642C009EE112 /* Project object */ = {
			isa = PBXProject;
			attributes = {
				LastSwiftUpdateCheck = 0830;
				LastUpgradeCheck = 0900;
				ORGANIZATIONNAME = "Nothing Magical, Inc.";
				TargetAttributes = {
					218487051F04642C009EE112 = {
						CreatedOnToolsVersion = 8.3.3;
						DevelopmentTeam = UP9C8XM22A;
						ProvisioningStyle = Automatic;
						SystemCapabilities = {
							com.apple.Sandbox = {
								enabled = 1;
							};
						};
					};
				};
			};
			buildConfigurationList = 218487011F04642C009EE112 /* Build configuration list for PBXProject "Contrast" */;
			compatibilityVersion = "Xcode 3.2";
			developmentRegion = English;
			hasScannedForEncodings = 0;
			knownRegions = (
				en,
				Base,
				ca,
				cs,
				de,
				el,
				"es-MX",
				es,
				fr,
				it,
				ja,
				ko,
				nb,
				nl,
				pl,
				"pt-BR",
				pt,
				ro,
				ru,
				sk,
				sv,
				th,
				"zh-Hans",
				"zh-Hant",
			);
			mainGroup = 218486FD1F04642C009EE112;
			productRefGroup = 218487071F04642C009EE112 /* Products */;
			projectDirPath = "";
			projectReferences = (
				{
					ProductGroup = 21887F581F22D07A00A05579 /* Products */;
					ProjectRef = 21887F571F22D07A00A05579 /* ShortcutRecorder.xcodeproj */;
				},
			);
			projectRoot = "";
			targets = (
				218487051F04642C009EE112 /* Contrast */,
			);
		};
/* End PBXProject section */

/* Begin PBXReferenceProxy section */
		21887FDA1F22D07B00A05579 /* ShortcutRecorder.framework */ = {
			isa = PBXReferenceProxy;
			fileType = wrapper.framework;
			path = ShortcutRecorder.framework;
			remoteRef = 21887FD91F22D07B00A05579 /* PBXContainerItemProxy */;
			sourceTree = BUILT_PRODUCTS_DIR;
		};
		21887FDC1F22D07B00A05579 /* PTHotKey.framework */ = {
			isa = PBXReferenceProxy;
			fileType = wrapper.framework;
			path = PTHotKey.framework;
			remoteRef = 21887FDB1F22D07B00A05579 /* PBXContainerItemProxy */;
			sourceTree = BUILT_PRODUCTS_DIR;
		};
		21887FDE1F22D07B00A05579 /* Demo.app */ = {
			isa = PBXReferenceProxy;
			fileType = wrapper.application;
			path = Demo.app;
			remoteRef = 21887FDD1F22D07B00A05579 /* PBXContainerItemProxy */;
			sourceTree = BUILT_PRODUCTS_DIR;
		};
/* End PBXReferenceProxy section */

/* Begin PBXResourcesBuildPhase section */
		218487041F04642C009EE112 /* Resources */ = {
			isa = PBXResourcesBuildPhase;
			buildActionMask = 2147483647;
			files = (
				2184874C1F05473F009EE112 /* Assets.xcassets in Resources */,
				21D0DA8B1F0D8E6900632FF5 /* click_type.wav in Resources */,
				21D0DA841F0D896F00632FF5 /* click_tiny.wav in Resources */,
				21887E9F1F2234D900A05579 /* Preferences.xib in Resources */,
				21D0DA831F0D896F00632FF5 /* click_snap.wav in Resources */,
				21E685451F05E0ED00471E6C /* Native-Regular.ttf in Resources */,
				2184874D1F05473F009EE112 /* Main.storyboard in Resources */,
				21D0DA851F0D896F00632FF5 /* slide_left.wav in Resources */,
			);
			runOnlyForDeploymentPostprocessing = 0;
		};
/* End PBXResourcesBuildPhase section */

/* Begin PBXShellScriptBuildPhase section */
		2112383D1F180BAA00A837D4 /* Swift Lint */ = {
			isa = PBXShellScriptBuildPhase;
			buildActionMask = 2147483647;
			files = (
			);
			inputPaths = (
			);
			name = "Swift Lint";
			outputPaths = (
			);
			runOnlyForDeploymentPostprocessing = 0;
			shellPath = /bin/sh;
			shellScript = "if which swiftlint >/dev/null; then\n  swiftlint\nelse\n  echo \"warning: SwiftLint not installed, download from https://github.com/realm/SwiftLint\"\nfi";
		};
		21E685461F05FB5E00471E6C /* Set Version */ = {
			isa = PBXShellScriptBuildPhase;
			buildActionMask = 2147483647;
			files = (
			);
			inputPaths = (
			);
			name = "Set Version";
			outputPaths = (
			);
			runOnlyForDeploymentPostprocessing = 0;
			shellPath = "/usr/bin/env ruby";
			shellScript = "git = `sh /etc/profile; which git`.chomp\napp_build = `#{git} rev-list HEAD --count`.chomp.to_i\n`/usr/libexec/PlistBuddy -c \"Set :CFBundleVersion #{app_build}\" \"${TARGET_BUILD_DIR}/${INFOPLIST_PATH}\"`\nputs \"Updated #{ENV['TARGET_BUILD_DIR']}/#{ENV['INFOPLIST_PATH']}\"";
		};
/* End PBXShellScriptBuildPhase section */

/* Begin PBXSourcesBuildPhase section */
		218487021F04642C009EE112 /* Sources */ = {
			isa = PBXSourcesBuildPhase;
			buildActionMask = 2147483647;
			files = (
				21616E681F058A220095EFAC /* NSImage+Tint.swift in Sources */,
				211238341F17CF7E00A837D4 /* Secrets.swift in Sources */,
				218487951F055B42009EE112 /* TextField.swift in Sources */,
				2184879B1F055D49009EE112 /* Label.swift in Sources */,
				211238361F17CF9B00A837D4 /* Mixpanel.swift in Sources */,
				210FFF2F1F1C3B21004E9861 /* MenuController.swift in Sources */,
				21D0DA871F0D8A2000632FF5 /* NSSound+Contrast.swift in Sources */,
				21073F3E1F317178008E8748 /* Window.swift in Sources */,
				21D0DA7A1F0D7E6400632FF5 /* LoupeView.swift in Sources */,
				2184874B1F05473F009EE112 /* ColorsViewController.swift in Sources */,
				21DF06501F0931BB00A5F9C0 /* PlainButton.swift in Sources */,
				218487971F055B81009EE112 /* Button.swift in Sources */,
				2190AEAC1F08763800912B37 /* EyeDropperView.swift in Sources */,
				218487931F055B21009EE112 /* ColorInput.swift in Sources */,
				21A922F21F198BAD0072480C /* WelcomeButton.swift in Sources */,
				21887FE41F22D4E700A05579 /* HotKeysController.swift in Sources */,
				21A922F01F1975FB0072480C /* WelcomeViewController.swift in Sources */,
				21017DE31F0C89DB00D94400 /* HexFormatter.swift in Sources */,
				218487441F05473F009EE112 /* EyeDropperController.swift in Sources */,
				218487431F05473F009EE112 /* AppDelegate.swift in Sources */,
				21887EA11F22B97F00A05579 /* PreferencesWindowController.swift in Sources */,
				21758ECB1F09E579006FA782 /* CloseButton.swift in Sources */,
				2112383C1F17DD2400A837D4 /* Preferences.swift in Sources */,
				218487461F05473F009EE112 /* GridView.swift in Sources */,
				218487991F055D10009EE112 /* Theme.swift in Sources */,
				2112383A1F17D82000A837D4 /* ColorsController.swift in Sources */,
				218487451F05473F009EE112 /* EyeDropperWindow.swift in Sources */,
				211E2B391F0B46D400757881 /* HexColor.swift in Sources */,
				218487471F05473F009EE112 /* MenuBarController.swift in Sources */,
				21887EA31F22CDEE00A05579 /* PreferencesWindow.swift in Sources */,
				21887FE61F22DC8400A05579 /* KeyCombo+Contrast.swift in Sources */,
				21D0DA7C1F0D844C00632FF5 /* Screenshot.swift in Sources */,
				2190AEB31F09226200912B37 /* PopoverController.swift in Sources */,
				21D0DA7E1F0D88E700632FF5 /* NSFont+Contrast.swift in Sources */,
			);
			runOnlyForDeploymentPostprocessing = 0;
		};
/* End PBXSourcesBuildPhase section */

/* Begin PBXTargetDependency section */
		21887FE01F22D08A00A05579 /* PBXTargetDependency */ = {
			isa = PBXTargetDependency;
			name = ShortcutRecorder.framework;
			targetProxy = 21887FDF1F22D08A00A05579 /* PBXContainerItemProxy */;
		};
/* End PBXTargetDependency section */

/* Begin PBXVariantGroup section */
		2184873E1F05473F009EE112 /* Main.storyboard */ = {
			isa = PBXVariantGroup;
			children = (
				2184873F1F05473F009EE112 /* Base */,
			);
			name = Main.storyboard;
			sourceTree = "<group>";
		};
		21887E9D1F2234D900A05579 /* Preferences.xib */ = {
			isa = PBXVariantGroup;
			children = (
				21887E9E1F2234D900A05579 /* Base */,
			);
			name = Preferences.xib;
			sourceTree = "<group>";
		};
/* End PBXVariantGroup section */

/* Begin XCBuildConfiguration section */
		218487131F04642C009EE112 /* Debug */ = {
			isa = XCBuildConfiguration;
			buildSettings = {
				ALWAYS_SEARCH_USER_PATHS = NO;
				CLANG_ANALYZER_NONNULL = YES;
				CLANG_ANALYZER_NUMBER_OBJECT_CONVERSION = YES_AGGRESSIVE;
				CLANG_CXX_LANGUAGE_STANDARD = "gnu++0x";
				CLANG_CXX_LIBRARY = "libc++";
				CLANG_ENABLE_MODULES = YES;
				CLANG_ENABLE_OBJC_ARC = YES;
				CLANG_WARN_BLOCK_CAPTURE_AUTORELEASING = YES;
				CLANG_WARN_BOOL_CONVERSION = YES;
				CLANG_WARN_COMMA = YES;
				CLANG_WARN_CONSTANT_CONVERSION = YES;
				CLANG_WARN_DIRECT_OBJC_ISA_USAGE = YES_ERROR;
				CLANG_WARN_DOCUMENTATION_COMMENTS = YES;
				CLANG_WARN_EMPTY_BODY = YES;
				CLANG_WARN_ENUM_CONVERSION = YES;
				CLANG_WARN_INFINITE_RECURSION = YES;
				CLANG_WARN_INT_CONVERSION = YES;
				CLANG_WARN_NON_LITERAL_NULL_CONVERSION = YES;
				CLANG_WARN_OBJC_LITERAL_CONVERSION = YES;
				CLANG_WARN_OBJC_ROOT_CLASS = YES_ERROR;
				CLANG_WARN_RANGE_LOOP_ANALYSIS = YES;
				CLANG_WARN_STRICT_PROTOTYPES = YES;
				CLANG_WARN_SUSPICIOUS_MOVE = YES;
				CLANG_WARN_UNREACHABLE_CODE = YES;
				CLANG_WARN__DUPLICATE_METHOD_MATCH = YES;
				CODE_SIGN_IDENTITY = "-";
				COPY_PHASE_STRIP = NO;
				DEBUG_INFORMATION_FORMAT = dwarf;
				ENABLE_STRICT_OBJC_MSGSEND = YES;
				ENABLE_TESTABILITY = YES;
				GCC_C_LANGUAGE_STANDARD = gnu99;
				GCC_DYNAMIC_NO_PIC = NO;
				GCC_NO_COMMON_BLOCKS = YES;
				GCC_OPTIMIZATION_LEVEL = 0;
				GCC_PREPROCESSOR_DEFINITIONS = (
					"DEBUG=1",
					"$(inherited)",
				);
				GCC_WARN_64_TO_32_BIT_CONVERSION = YES;
				GCC_WARN_ABOUT_RETURN_TYPE = YES_ERROR;
				GCC_WARN_UNDECLARED_SELECTOR = YES;
				GCC_WARN_UNINITIALIZED_AUTOS = YES_AGGRESSIVE;
				GCC_WARN_UNUSED_FUNCTION = YES;
				GCC_WARN_UNUSED_VARIABLE = YES;
				MACOSX_DEPLOYMENT_TARGET = 10.11;
				MTL_ENABLE_DEBUG_INFO = YES;
				ONLY_ACTIVE_ARCH = YES;
				OTHER_SWIFT_FLAGS = "-DDEBUG";
				SDKROOT = macosx;
				SWIFT_ACTIVE_COMPILATION_CONDITIONS = DEBUG;
				SWIFT_OPTIMIZATION_LEVEL = "-Onone";
			};
			name = Debug;
		};
		218487141F04642C009EE112 /* Release */ = {
			isa = XCBuildConfiguration;
			buildSettings = {
				ALWAYS_SEARCH_USER_PATHS = NO;
				CLANG_ANALYZER_NONNULL = YES;
				CLANG_ANALYZER_NUMBER_OBJECT_CONVERSION = YES_AGGRESSIVE;
				CLANG_CXX_LANGUAGE_STANDARD = "gnu++0x";
				CLANG_CXX_LIBRARY = "libc++";
				CLANG_ENABLE_MODULES = YES;
				CLANG_ENABLE_OBJC_ARC = YES;
				CLANG_WARN_BLOCK_CAPTURE_AUTORELEASING = YES;
				CLANG_WARN_BOOL_CONVERSION = YES;
				CLANG_WARN_COMMA = YES;
				CLANG_WARN_CONSTANT_CONVERSION = YES;
				CLANG_WARN_DIRECT_OBJC_ISA_USAGE = YES_ERROR;
				CLANG_WARN_DOCUMENTATION_COMMENTS = YES;
				CLANG_WARN_EMPTY_BODY = YES;
				CLANG_WARN_ENUM_CONVERSION = YES;
				CLANG_WARN_INFINITE_RECURSION = YES;
				CLANG_WARN_INT_CONVERSION = YES;
				CLANG_WARN_NON_LITERAL_NULL_CONVERSION = YES;
				CLANG_WARN_OBJC_LITERAL_CONVERSION = YES;
				CLANG_WARN_OBJC_ROOT_CLASS = YES_ERROR;
				CLANG_WARN_RANGE_LOOP_ANALYSIS = YES;
				CLANG_WARN_STRICT_PROTOTYPES = YES;
				CLANG_WARN_SUSPICIOUS_MOVE = YES;
				CLANG_WARN_UNREACHABLE_CODE = YES;
				CLANG_WARN__DUPLICATE_METHOD_MATCH = YES;
				CODE_SIGN_IDENTITY = "-";
				COPY_PHASE_STRIP = NO;
				DEBUG_INFORMATION_FORMAT = "dwarf-with-dsym";
				ENABLE_NS_ASSERTIONS = NO;
				ENABLE_STRICT_OBJC_MSGSEND = YES;
				GCC_C_LANGUAGE_STANDARD = gnu99;
				GCC_NO_COMMON_BLOCKS = YES;
				GCC_WARN_64_TO_32_BIT_CONVERSION = YES;
				GCC_WARN_ABOUT_RETURN_TYPE = YES_ERROR;
				GCC_WARN_UNDECLARED_SELECTOR = YES;
				GCC_WARN_UNINITIALIZED_AUTOS = YES_AGGRESSIVE;
				GCC_WARN_UNUSED_FUNCTION = YES;
				GCC_WARN_UNUSED_VARIABLE = YES;
				MACOSX_DEPLOYMENT_TARGET = 10.11;
				MTL_ENABLE_DEBUG_INFO = NO;
				SDKROOT = macosx;
				SWIFT_OPTIMIZATION_LEVEL = "-Owholemodule";
			};
			name = Release;
		};
		218487161F04642C009EE112 /* Debug */ = {
			isa = XCBuildConfiguration;
			buildSettings = {
				ALWAYS_EMBED_SWIFT_STANDARD_LIBRARIES = YES;
				ASSETCATALOG_COMPILER_APPICON_NAME = AppIcon;
				CODE_SIGN_ENTITLEMENTS = Contrast/Support/Contrast.entitlements;
				CODE_SIGN_IDENTITY = "Mac Developer";
				COMBINE_HIDPI_IMAGES = YES;
				DEVELOPMENT_TEAM = "";
				FRAMEWORK_SEARCH_PATHS = (
					"$(inherited)",
					"$(PROJECT_DIR)/Carthage/Build/Mac",
				);
				INFOPLIST_FILE = "$(SRCROOT)/Contrast/Support/Info.plist";
				LD_RUNPATH_SEARCH_PATHS = "$(inherited) @executable_path/../Frameworks";
				PRODUCT_BUNDLE_IDENTIFIER = com.nothingmagical.contrast;
				PRODUCT_NAME = "$(TARGET_NAME)";
				PROVISIONING_PROFILE_SPECIFIER = "";
				SWIFT_VERSION = 3.0;
			};
			name = Debug;
		};
		218487171F04642C009EE112 /* Release */ = {
			isa = XCBuildConfiguration;
			buildSettings = {
				ALWAYS_EMBED_SWIFT_STANDARD_LIBRARIES = YES;
				ASSETCATALOG_COMPILER_APPICON_NAME = AppIcon;
				CODE_SIGN_ENTITLEMENTS = Contrast/Support/Contrast.entitlements;
				CODE_SIGN_IDENTITY = "Mac Developer";
				COMBINE_HIDPI_IMAGES = YES;
				DEVELOPMENT_TEAM = "";
				FRAMEWORK_SEARCH_PATHS = (
					"$(inherited)",
					"$(PROJECT_DIR)/Carthage/Build/Mac",
				);
				INFOPLIST_FILE = "$(SRCROOT)/Contrast/Support/Info.plist";
				LD_RUNPATH_SEARCH_PATHS = "$(inherited) @executable_path/../Frameworks";
				PRODUCT_BUNDLE_IDENTIFIER = com.nothingmagical.contrast;
				PRODUCT_NAME = "$(TARGET_NAME)";
				PROVISIONING_PROFILE_SPECIFIER = "";
				SWIFT_VERSION = 3.0;
			};
			name = Release;
		};
/* End XCBuildConfiguration section */

/* Begin XCConfigurationList section */
		218487011F04642C009EE112 /* Build configuration list for PBXProject "Contrast" */ = {
			isa = XCConfigurationList;
			buildConfigurations = (
				218487131F04642C009EE112 /* Debug */,
				218487141F04642C009EE112 /* Release */,
			);
			defaultConfigurationIsVisible = 0;
			defaultConfigurationName = Release;
		};
		218487151F04642C009EE112 /* Build configuration list for PBXNativeTarget "Contrast" */ = {
			isa = XCConfigurationList;
			buildConfigurations = (
				218487161F04642C009EE112 /* Debug */,
				218487171F04642C009EE112 /* Release */,
			);
			defaultConfigurationIsVisible = 0;
			defaultConfigurationName = Release;
		};
/* End XCConfigurationList section */
	};
	rootObject = 218486FE1F04642C009EE112 /* Project object */;
}
